PODS:
  - Alamofire (4.5.0)
  - FirebaseCommunity (0.0.1):
    - FirebaseCommunity/Root (= 0.0.1)
  - FirebaseCommunity/Auth (0.0.1):
    - FirebaseCommunity/Core
    - GoogleToolboxForMac/NSDictionary+URLArguments (~> 2.1)
    - GTMSessionFetcher/Core (~> 1.1)
  - FirebaseCommunity/Core (0.0.1):
    - FirebaseCommunity/Root
    - GoogleToolboxForMac/NSData+zlib (~> 2.1)
  - FirebaseCommunity/Database (0.0.1):
    - FirebaseCommunity/Core
    - leveldb-library
  - FirebaseCommunity/Root (0.0.1)
  - GoogleToolboxForMac/DebugUtils (2.1.1):
    - GoogleToolboxForMac/Defines (= 2.1.1)
  - GoogleToolboxForMac/Defines (2.1.1)
  - GoogleToolboxForMac/NSData+zlib (2.1.1):
    - GoogleToolboxForMac/Defines (= 2.1.1)
  - GoogleToolboxForMac/NSDictionary+URLArguments (2.1.1):
    - GoogleToolboxForMac/DebugUtils (= 2.1.1)
    - GoogleToolboxForMac/Defines (= 2.1.1)
    - GoogleToolboxForMac/NSString+URLArguments (= 2.1.1)
  - GoogleToolboxForMac/NSString+URLArguments (2.1.1)
  - GTMSessionFetcher/Core (1.1.11)
  - leveldb-library (1.18.3)

DEPENDENCIES:
  - Alamofire (~> 4.4)
  - FirebaseCommunity (from `https://github.com/ulidev/firebase-ios-sdk.git`)
  - FirebaseCommunity/Auth (from `https://github.com/ulidev/firebase-ios-sdk.git`)
  - FirebaseCommunity/Database (from `https://github.com/ulidev/firebase-ios-sdk.git`)

EXTERNAL SOURCES:
  FirebaseCommunity:
    :git: https://github.com/ulidev/firebase-ios-sdk.git

CHECKOUT OPTIONS:
  FirebaseCommunity:
    :commit: 9362ad8750db4736b77ccee789eea0314314f856
    :git: https://github.com/ulidev/firebase-ios-sdk.git

SPEC CHECKSUMS:
  Alamofire: f28cdffd29de33a7bfa022cbd63ae95a27fae140
  FirebaseCommunity: 23e526d21cea95585bd9e016c0b0daa3df8f0739
  GoogleToolboxForMac: 8e329f1b599f2512c6b10676d45736bcc2cbbeb0
  GTMSessionFetcher: 5ad62e8200fa00ed011fe5e08d27fef72c5b1429
  leveldb-library: 10fb39c39e243db4af1828441162405bbcec1404

PODFILE CHECKSUM: cfbf83ab21f4266277e2ff8e946d4c82101cd527

COCOAPODS: 1.2.1
