// !$*UTF8*$!
{
	archiveVersion = 1;
	classes = {
	};
	objectVersion = 48;
	objects = {

/* Begin PBXBuildFile section */
		4E03FEF51F0D3E3000A62431 /* HampKitAuthErrorsTests.swift in Sources */ = {isa = PBXBuildFile; fileRef = 4E03FEF41F0D3E3000A62431 /* HampKitAuthErrorsTests.swift */; };
		4E2356091F0A8C21006F7161 /* HampEnvironment.swift in Sources */ = {isa = PBXBuildFile; fileRef = 4E2356081F0A8C21006F7161 /* HampEnvironment.swift */; };
		4E23560B1F0A93C8006F7161 /* HampKitEnviromentTests.swift in Sources */ = {isa = PBXBuildFile; fileRef = 4E23560A1F0A93C8006F7161 /* HampKitEnviromentTests.swift */; };
		4E4D03711F0BCB2200660330 /* GoogleService-Info.plist in Resources */ = {isa = PBXBuildFile; fileRef = 4E4D03701F0BCABD00660330 /* GoogleService-Info.plist */; };
		4E5B08C21F04776A00236A9E /* AppDelegate.swift in Sources */ = {isa = PBXBuildFile; fileRef = 4E5B08C11F04776A00236A9E /* AppDelegate.swift */; };
		4E5B08C91F04776A00236A9E /* Assets.xcassets in Resources */ = {isa = PBXBuildFile; fileRef = 4E5B08C81F04776A00236A9E /* Assets.xcassets */; };
		4E5B08E61F047BA500236A9E /* HampFile.swift in Sources */ = {isa = PBXBuildFile; fileRef = 4E5B08E51F047BA500236A9E /* HampFile.swift */; };
		4E74D95F1F0E4FC00033407C /* HampKitLockerTests.swift in Sources */ = {isa = PBXBuildFile; fileRef = 4E74D95E1F0E4FC00033407C /* HampKitLockerTests.swift */; };
		4E74D9601F0E4FD10033407C /* HampFirebaseDatabaseConnector.swift in Sources */ = {isa = PBXBuildFile; fileRef = 4EFD28341F0D459A005AB098 /* HampFirebaseDatabaseConnector.swift */; };
		4E74D9611F0E4FD10033407C /* HampFirebaseObject.swift in Sources */ = {isa = PBXBuildFile; fileRef = 4EFD283A1F0D53A7005AB098 /* HampFirebaseObject.swift */; };
		4E74D9621F0E4FD10033407C /* HampLocker.swift in Sources */ = {isa = PBXBuildFile; fileRef = 4EA98A6E1F0D646000EC3A69 /* HampLocker.swift */; };
		4E74D9631F0E4FD10033407C /* HampDatabaseEvent.swift in Sources */ = {isa = PBXBuildFile; fileRef = 4EA98A701F0D665F00EC3A69 /* HampDatabaseEvent.swift */; };
		4E74D9641F0E4FD10033407C /* HampConstants.swift in Sources */ = {isa = PBXBuildFile; fileRef = 4EA98A721F0D7AB000EC3A69 /* HampConstants.swift */; };
		4E7D19971F04860E00231234 /* HampFile.swift in Sources */ = {isa = PBXBuildFile; fileRef = 4E5B08E51F047BA500236A9E /* HampFile.swift */; };
		4E881E371F0484EE00DB700E /* HampKitFileTests.swift in Sources */ = {isa = PBXBuildFile; fileRef = 4E881E361F0484EE00DB700E /* HampKitFileTests.swift */; };
		4E93D1FE1F0A9F1600442673 /* HampEnvironment.swift in Sources */ = {isa = PBXBuildFile; fileRef = 4E2356081F0A8C21006F7161 /* HampEnvironment.swift */; };
		4E93D2001F0AA1BF00442673 /* HampFirebaseManager.swift in Sources */ = {isa = PBXBuildFile; fileRef = 4E93D1FF1F0AA1BF00442673 /* HampFirebaseManager.swift */; };
		4E93D2041F0AA59C00442673 /* HampFirebaseFilesProvider.swift in Sources */ = {isa = PBXBuildFile; fileRef = 4E93D2031F0AA59C00442673 /* HampFirebaseFilesProvider.swift */; };
		4EA98A6F1F0D646000EC3A69 /* HampLocker.swift in Sources */ = {isa = PBXBuildFile; fileRef = 4EA98A6E1F0D646000EC3A69 /* HampLocker.swift */; };
		4EA98A711F0D665F00EC3A69 /* HampDatabaseEvent.swift in Sources */ = {isa = PBXBuildFile; fileRef = 4EA98A701F0D665F00EC3A69 /* HampDatabaseEvent.swift */; };
		4EA98A731F0D7AB000EC3A69 /* HampConstants.swift in Sources */ = {isa = PBXBuildFile; fileRef = 4EA98A721F0D7AB000EC3A69 /* HampConstants.swift */; };
		4EB3C98D1F0BB68800183EFB /* HampFirebaseAuth.swift in Sources */ = {isa = PBXBuildFile; fileRef = 4EB3C98C1F0BB68800183EFB /* HampFirebaseAuth.swift */; };
		4EB3C98F1F0BB78F00183EFB /* HampFirebaseUser.swift in Sources */ = {isa = PBXBuildFile; fileRef = 4EB3C98E1F0BB78F00183EFB /* HampFirebaseUser.swift */; };
		4EB3C9901F0BB78F00183EFB /* HampFirebaseUser.swift in Sources */ = {isa = PBXBuildFile; fileRef = 4EB3C98E1F0BB78F00183EFB /* HampFirebaseUser.swift */; };
		4EB3C9911F0BB79700183EFB /* HampFirebaseAuth.swift in Sources */ = {isa = PBXBuildFile; fileRef = 4EB3C98C1F0BB68800183EFB /* HampFirebaseAuth.swift */; };
		4ECFBB181F0BE2070097BC91 /* HampKitAuthTests.swift in Sources */ = {isa = PBXBuildFile; fileRef = 4ECFBB171F0BE2070097BC91 /* HampKitAuthTests.swift */; };
		4EE2866B1F0AA600001F1071 /* HampKitManagerTests.swift in Sources */ = {isa = PBXBuildFile; fileRef = 4EE2866A1F0AA600001F1071 /* HampKitManagerTests.swift */; };
		4EE2866C1F0AA63C001F1071 /* HampFirebaseManager.swift in Sources */ = {isa = PBXBuildFile; fileRef = 4E93D1FF1F0AA1BF00442673 /* HampFirebaseManager.swift */; };
		4EE2866D1F0AA63C001F1071 /* HampFirebaseFilesProvider.swift in Sources */ = {isa = PBXBuildFile; fileRef = 4E93D2031F0AA59C00442673 /* HampFirebaseFilesProvider.swift */; };
		4EFD28351F0D459A005AB098 /* HampFirebaseDatabaseConnector.swift in Sources */ = {isa = PBXBuildFile; fileRef = 4EFD28341F0D459A005AB098 /* HampFirebaseDatabaseConnector.swift */; };
		4EFD283B1F0D53A7005AB098 /* HampFirebaseObject.swift in Sources */ = {isa = PBXBuildFile; fileRef = 4EFD283A1F0D53A7005AB098 /* HampFirebaseObject.swift */; };
		7A4DA6F8D8FCD7054E9F1560 /* Pods_HampKit_HampKitTests.framework in Frameworks */ = {isa = PBXBuildFile; fileRef = DAE8D9D0465669BA02232D74 /* Pods_HampKit_HampKitTests.framework */; };
		E04B20A9F4F99841943FDFB6 /* Pods_HampKit.framework in Frameworks */ = {isa = PBXBuildFile; fileRef = 370DA003F727CFC8347C4B2C /* Pods_HampKit.framework */; };
/* End PBXBuildFile section */

/* Begin PBXContainerItemProxy section */
		4E881E391F0484EE00DB700E /* PBXContainerItemProxy */ = {
			isa = PBXContainerItemProxy;
			containerPortal = 4E5B08B61F04776900236A9E /* Project object */;
			proxyType = 1;
			remoteGlobalIDString = 4E5B08BD1F04776900236A9E;
			remoteInfo = HampKit;
		};
/* End PBXContainerItemProxy section */

/* Begin PBXFileReference section */
		29A29BE8B8B5A81E5374D121 /* Pods-HampKitTests.debug.xcconfig */ = {isa = PBXFileReference; includeInIndex = 1; lastKnownFileType = text.xcconfig; name = "Pods-HampKitTests.debug.xcconfig"; path = "Pods/Target Support Files/Pods-HampKitTests/Pods-HampKitTests.debug.xcconfig"; sourceTree = "<group>"; };
		370DA003F727CFC8347C4B2C /* Pods_HampKit.framework */ = {isa = PBXFileReference; explicitFileType = wrapper.framework; includeInIndex = 0; path = Pods_HampKit.framework; sourceTree = BUILT_PRODUCTS_DIR; };
		4E03FEF41F0D3E3000A62431 /* HampKitAuthErrorsTests.swift */ = {isa = PBXFileReference; lastKnownFileType = sourcecode.swift; path = HampKitAuthErrorsTests.swift; sourceTree = "<group>"; };
		4E2356081F0A8C21006F7161 /* HampEnvironment.swift */ = {isa = PBXFileReference; lastKnownFileType = sourcecode.swift; name = HampEnvironment.swift; path = ../Sources/HampEnvironment.swift; sourceTree = "<group>"; };
		4E23560A1F0A93C8006F7161 /* HampKitEnviromentTests.swift */ = {isa = PBXFileReference; lastKnownFileType = sourcecode.swift; path = HampKitEnviromentTests.swift; sourceTree = "<group>"; };
		4E4D03701F0BCABD00660330 /* GoogleService-Info.plist */ = {isa = PBXFileReference; lastKnownFileType = text.plist.xml; path = "GoogleService-Info.plist"; sourceTree = "<group>"; };
		4E5B08BE1F04776900236A9E /* HampKit.app */ = {isa = PBXFileReference; explicitFileType = wrapper.application; includeInIndex = 0; path = HampKit.app; sourceTree = BUILT_PRODUCTS_DIR; };
		4E5B08C11F04776A00236A9E /* AppDelegate.swift */ = {isa = PBXFileReference; lastKnownFileType = sourcecode.swift; path = AppDelegate.swift; sourceTree = "<group>"; };
		4E5B08C81F04776A00236A9E /* Assets.xcassets */ = {isa = PBXFileReference; lastKnownFileType = folder.assetcatalog; path = Assets.xcassets; sourceTree = "<group>"; };
		4E5B08CD1F04776A00236A9E /* Info.plist */ = {isa = PBXFileReference; lastKnownFileType = text.plist.xml; path = Info.plist; sourceTree = "<group>"; };
		4E5B08E51F047BA500236A9E /* HampFile.swift */ = {isa = PBXFileReference; lastKnownFileType = sourcecode.swift; name = HampFile.swift; path = ../Sources/HampFile.swift; sourceTree = "<group>"; };
		4E74D95E1F0E4FC00033407C /* HampKitLockerTests.swift */ = {isa = PBXFileReference; lastKnownFileType = sourcecode.swift; path = HampKitLockerTests.swift; sourceTree = "<group>"; };
		4E881E341F0484ED00DB700E /* HampKitTests.xctest */ = {isa = PBXFileReference; explicitFileType = wrapper.cfbundle; includeInIndex = 0; path = HampKitTests.xctest; sourceTree = BUILT_PRODUCTS_DIR; };
		4E881E361F0484EE00DB700E /* HampKitFileTests.swift */ = {isa = PBXFileReference; lastKnownFileType = sourcecode.swift; path = HampKitFileTests.swift; sourceTree = "<group>"; };
		4E881E381F0484EE00DB700E /* Info.plist */ = {isa = PBXFileReference; lastKnownFileType = text.plist.xml; path = Info.plist; sourceTree = "<group>"; };
		4E93D1FF1F0AA1BF00442673 /* HampFirebaseManager.swift */ = {isa = PBXFileReference; lastKnownFileType = sourcecode.swift; name = HampFirebaseManager.swift; path = ../Sources/HampFirebaseManager.swift; sourceTree = "<group>"; };
		4E93D2031F0AA59C00442673 /* HampFirebaseFilesProvider.swift */ = {isa = PBXFileReference; lastKnownFileType = sourcecode.swift; name = HampFirebaseFilesProvider.swift; path = ../Sources/HampFirebaseFilesProvider.swift; sourceTree = "<group>"; };
		4EA98A6E1F0D646000EC3A69 /* HampLocker.swift */ = {isa = PBXFileReference; lastKnownFileType = sourcecode.swift; name = HampLocker.swift; path = ../Sources/HampLocker.swift; sourceTree = "<group>"; };
		4EA98A701F0D665F00EC3A69 /* HampDatabaseEvent.swift */ = {isa = PBXFileReference; lastKnownFileType = sourcecode.swift; name = HampDatabaseEvent.swift; path = ../Sources/HampDatabaseEvent.swift; sourceTree = "<group>"; };
		4EA98A721F0D7AB000EC3A69 /* HampConstants.swift */ = {isa = PBXFileReference; lastKnownFileType = sourcecode.swift; name = HampConstants.swift; path = ../Sources/HampConstants.swift; sourceTree = "<group>"; };
		4EB3C98C1F0BB68800183EFB /* HampFirebaseAuth.swift */ = {isa = PBXFileReference; lastKnownFileType = sourcecode.swift; name = HampFirebaseAuth.swift; path = ../Sources/HampFirebaseAuth.swift; sourceTree = "<group>"; };
		4EB3C98E1F0BB78F00183EFB /* HampFirebaseUser.swift */ = {isa = PBXFileReference; lastKnownFileType = sourcecode.swift; name = HampFirebaseUser.swift; path = ../Sources/HampFirebaseUser.swift; sourceTree = "<group>"; };
		4ECFBB171F0BE2070097BC91 /* HampKitAuthTests.swift */ = {isa = PBXFileReference; lastKnownFileType = sourcecode.swift; path = HampKitAuthTests.swift; sourceTree = "<group>"; };
		4EE2866A1F0AA600001F1071 /* HampKitManagerTests.swift */ = {isa = PBXFileReference; lastKnownFileType = sourcecode.swift; path = HampKitManagerTests.swift; sourceTree = "<group>"; };
		4EFD28341F0D459A005AB098 /* HampFirebaseDatabaseConnector.swift */ = {isa = PBXFileReference; lastKnownFileType = sourcecode.swift; name = HampFirebaseDatabaseConnector.swift; path = ../Sources/HampFirebaseDatabaseConnector.swift; sourceTree = "<group>"; };
		4EFD283A1F0D53A7005AB098 /* HampFirebaseObject.swift */ = {isa = PBXFileReference; fileEncoding = 4; lastKnownFileType = sourcecode.swift; name = HampFirebaseObject.swift; path = ../Sources/HampFirebaseObject.swift; sourceTree = "<group>"; };
		6CB9AC343DA4BE670916D2C1 /* Pods-HampKitTests.release.xcconfig */ = {isa = PBXFileReference; includeInIndex = 1; lastKnownFileType = text.xcconfig; name = "Pods-HampKitTests.release.xcconfig"; path = "Pods/Target Support Files/Pods-HampKitTests/Pods-HampKitTests.release.xcconfig"; sourceTree = "<group>"; };
		860AD15CD5553611C2383A9F /* Pods-HampKit-HampKitTests.debug.xcconfig */ = {isa = PBXFileReference; includeInIndex = 1; lastKnownFileType = text.xcconfig; name = "Pods-HampKit-HampKitTests.debug.xcconfig"; path = "Pods/Target Support Files/Pods-HampKit-HampKitTests/Pods-HampKit-HampKitTests.debug.xcconfig"; sourceTree = "<group>"; };
		92CA31753B318C7843B71695 /* Pods-HampKit.release.xcconfig */ = {isa = PBXFileReference; includeInIndex = 1; lastKnownFileType = text.xcconfig; name = "Pods-HampKit.release.xcconfig"; path = "Pods/Target Support Files/Pods-HampKit/Pods-HampKit.release.xcconfig"; sourceTree = "<group>"; };
		AB970159482CDD3FFB1F169D /* Pods-HampKit.debug.xcconfig */ = {isa = PBXFileReference; includeInIndex = 1; lastKnownFileType = text.xcconfig; name = "Pods-HampKit.debug.xcconfig"; path = "Pods/Target Support Files/Pods-HampKit/Pods-HampKit.debug.xcconfig"; sourceTree = "<group>"; };
		DAE8D9D0465669BA02232D74 /* Pods_HampKit_HampKitTests.framework */ = {isa = PBXFileReference; explicitFileType = wrapper.framework; includeInIndex = 0; path = Pods_HampKit_HampKitTests.framework; sourceTree = BUILT_PRODUCTS_DIR; };
		EE4F2C5C1A954283315CCD3E /* Pods_HampKitTests.framework */ = {isa = PBXFileReference; explicitFileType = wrapper.framework; includeInIndex = 0; path = Pods_HampKitTests.framework; sourceTree = BUILT_PRODUCTS_DIR; };
		EE8FF8AF25485BBEC69CEA2D /* Pods-HampKit-HampKitTests.release.xcconfig */ = {isa = PBXFileReference; includeInIndex = 1; lastKnownFileType = text.xcconfig; name = "Pods-HampKit-HampKitTests.release.xcconfig"; path = "Pods/Target Support Files/Pods-HampKit-HampKitTests/Pods-HampKit-HampKitTests.release.xcconfig"; sourceTree = "<group>"; };
/* End PBXFileReference section */

/* Begin PBXFrameworksBuildPhase section */
		4E5B08BB1F04776900236A9E /* Frameworks */ = {
			isa = PBXFrameworksBuildPhase;
			buildActionMask = 2147483647;
			files = (
				E04B20A9F4F99841943FDFB6 /* Pods_HampKit.framework in Frameworks */,
			);
			runOnlyForDeploymentPostprocessing = 0;
		};
		4E881E311F0484ED00DB700E /* Frameworks */ = {
			isa = PBXFrameworksBuildPhase;
			buildActionMask = 2147483647;
			files = (
				7A4DA6F8D8FCD7054E9F1560 /* Pods_HampKit_HampKitTests.framework in Frameworks */,
			);
			runOnlyForDeploymentPostprocessing = 0;
		};
/* End PBXFrameworksBuildPhase section */

/* Begin PBXGroup section */
		4E5B08B51F04776900236A9E = {
			isa = PBXGroup;
			children = (
				4E5B08E71F047BA900236A9E /* Sources */,
				4E5B08C01F04776900236A9E /* HampKit */,
				4E881E351F0484EE00DB700E /* HampKitTests */,
				4E5B08BF1F04776900236A9E /* Products */,
				A1F1E450D7E903CE26E97B60 /* Pods */,
				E3C53F3006CC33C6325F4C98 /* Frameworks */,
			);
			sourceTree = "<group>";
		};
		4E5B08BF1F04776900236A9E /* Products */ = {
			isa = PBXGroup;
			children = (
				4E5B08BE1F04776900236A9E /* HampKit.app */,
				4E881E341F0484ED00DB700E /* HampKitTests.xctest */,
			);
			name = Products;
			sourceTree = "<group>";
		};
		4E5B08C01F04776900236A9E /* HampKit */ = {
			isa = PBXGroup;
			children = (
				4E5B08C11F04776A00236A9E /* AppDelegate.swift */,
				4E5B08E21F0478C400236A9E /* Supporting files */,
			);
			path = HampKit;
			sourceTree = "<group>";
		};
		4E5B08E21F0478C400236A9E /* Supporting files */ = {
			isa = PBXGroup;
			children = (
				4E4D03701F0BCABD00660330 /* GoogleService-Info.plist */,
				4E5B08C81F04776A00236A9E /* Assets.xcassets */,
				4E5B08CD1F04776A00236A9E /* Info.plist */,
			);
			name = "Supporting files";
			sourceTree = "<group>";
		};
		4E5B08E71F047BA900236A9E /* Sources */ = {
			isa = PBXGroup;
			children = (
				4E5B08E51F047BA500236A9E /* HampFile.swift */,
				4E2356081F0A8C21006F7161 /* HampEnvironment.swift */,
				4E93D1FF1F0AA1BF00442673 /* HampFirebaseManager.swift */,
				4E93D2031F0AA59C00442673 /* HampFirebaseFilesProvider.swift */,
				4EB3C98C1F0BB68800183EFB /* HampFirebaseAuth.swift */,
				4EB3C98E1F0BB78F00183EFB /* HampFirebaseUser.swift */,
				4EFD28341F0D459A005AB098 /* HampFirebaseDatabaseConnector.swift */,
				4EFD283A1F0D53A7005AB098 /* HampFirebaseObject.swift */,
				4EA98A6E1F0D646000EC3A69 /* HampLocker.swift */,
				4EA98A701F0D665F00EC3A69 /* HampDatabaseEvent.swift */,
				4EA98A721F0D7AB000EC3A69 /* HampConstants.swift */,
			);
			name = Sources;
			sourceTree = "<group>";
		};
		4E881E351F0484EE00DB700E /* HampKitTests */ = {
			isa = PBXGroup;
			children = (
				4E881E381F0484EE00DB700E /* Info.plist */,
				4E881E361F0484EE00DB700E /* HampKitFileTests.swift */,
				4E23560A1F0A93C8006F7161 /* HampKitEnviromentTests.swift */,
				4EE2866A1F0AA600001F1071 /* HampKitManagerTests.swift */,
				4ECFBB171F0BE2070097BC91 /* HampKitAuthTests.swift */,
				4E03FEF41F0D3E3000A62431 /* HampKitAuthErrorsTests.swift */,
				4E74D95E1F0E4FC00033407C /* HampKitLockerTests.swift */,
			);
			path = HampKitTests;
			sourceTree = "<group>";
		};
		A1F1E450D7E903CE26E97B60 /* Pods */ = {
			isa = PBXGroup;
			children = (
				AB970159482CDD3FFB1F169D /* Pods-HampKit.debug.xcconfig */,
				92CA31753B318C7843B71695 /* Pods-HampKit.release.xcconfig */,
				29A29BE8B8B5A81E5374D121 /* Pods-HampKitTests.debug.xcconfig */,
				6CB9AC343DA4BE670916D2C1 /* Pods-HampKitTests.release.xcconfig */,
				860AD15CD5553611C2383A9F /* Pods-HampKit-HampKitTests.debug.xcconfig */,
				EE8FF8AF25485BBEC69CEA2D /* Pods-HampKit-HampKitTests.release.xcconfig */,
			);
			name = Pods;
			sourceTree = "<group>";
		};
		E3C53F3006CC33C6325F4C98 /* Frameworks */ = {
			isa = PBXGroup;
			children = (
				370DA003F727CFC8347C4B2C /* Pods_HampKit.framework */,
				EE4F2C5C1A954283315CCD3E /* Pods_HampKitTests.framework */,
				DAE8D9D0465669BA02232D74 /* Pods_HampKit_HampKitTests.framework */,
			);
			name = Frameworks;
			sourceTree = "<group>";
		};
/* End PBXGroup section */

/* Begin PBXNativeTarget section */
		4E5B08BD1F04776900236A9E /* HampKit */ = {
			isa = PBXNativeTarget;
			buildConfigurationList = 4E5B08DB1F04776A00236A9E /* Build configuration list for PBXNativeTarget "HampKit" */;
			buildPhases = (
				3FC99D335B994468E1581D4B /* [CP] Check Pods Manifest.lock */,
				4E5B08BA1F04776900236A9E /* Sources */,
				4E5B08BB1F04776900236A9E /* Frameworks */,
				4E5B08BC1F04776900236A9E /* Resources */,
				13AD0C72E4865651879F03FA /* [CP] Embed Pods Frameworks */,
				7BC327D02E4E4AA508AE02BC /* [CP] Copy Pods Resources */,
			);
			buildRules = (
			);
			dependencies = (
			);
			name = HampKit;
			productName = HampKit;
			productReference = 4E5B08BE1F04776900236A9E /* HampKit.app */;
			productType = "com.apple.product-type.application";
		};
		4E881E331F0484ED00DB700E /* HampKitTests */ = {
			isa = PBXNativeTarget;
			buildConfigurationList = 4E881E3B1F0484EE00DB700E /* Build configuration list for PBXNativeTarget "HampKitTests" */;
			buildPhases = (
				9C17ABC9D0D02F1CEFD68379 /* [CP] Check Pods Manifest.lock */,
				4E881E301F0484ED00DB700E /* Sources */,
				4E881E311F0484ED00DB700E /* Frameworks */,
				4E881E321F0484ED00DB700E /* Resources */,
				0525C4400B12F5C8EFAEB35B /* [CP] Embed Pods Frameworks */,
				6E9FC3443E178149A1F8D1E4 /* [CP] Copy Pods Resources */,
			);
			buildRules = (
			);
			dependencies = (
				4E881E3A1F0484EE00DB700E /* PBXTargetDependency */,
			);
			name = HampKitTests;
			productName = HampKitTests;
			productReference = 4E881E341F0484ED00DB700E /* HampKitTests.xctest */;
			productType = "com.apple.product-type.bundle.unit-test";
		};
/* End PBXNativeTarget section */

/* Begin PBXProject section */
		4E5B08B61F04776900236A9E /* Project object */ = {
			isa = PBXProject;
			attributes = {
				LastSwiftUpdateCheck = 0900;
				LastUpgradeCheck = 0900;
				ORGANIZATIONNAME = com.hamp;
				TargetAttributes = {
					4E5B08BD1F04776900236A9E = {
						CreatedOnToolsVersion = 9.0;
					};
					4E881E331F0484ED00DB700E = {
						CreatedOnToolsVersion = 9.0;
						TestTargetID = 4E5B08BD1F04776900236A9E;
					};
				};
			};
			buildConfigurationList = 4E5B08B91F04776900236A9E /* Build configuration list for PBXProject "HampKit" */;
			compatibilityVersion = "Xcode 8.0";
			developmentRegion = en;
			hasScannedForEncodings = 0;
			knownRegions = (
				en,
				Base,
			);
			mainGroup = 4E5B08B51F04776900236A9E;
			productRefGroup = 4E5B08BF1F04776900236A9E /* Products */;
			projectDirPath = "";
			projectRoot = "";
			targets = (
				4E5B08BD1F04776900236A9E /* HampKit */,
				4E881E331F0484ED00DB700E /* HampKitTests */,
			);
		};
/* End PBXProject section */

/* Begin PBXResourcesBuildPhase section */
		4E5B08BC1F04776900236A9E /* Resources */ = {
			isa = PBXResourcesBuildPhase;
			buildActionMask = 2147483647;
			files = (
				4E4D03711F0BCB2200660330 /* GoogleService-Info.plist in Resources */,
				4E5B08C91F04776A00236A9E /* Assets.xcassets in Resources */,
			);
			runOnlyForDeploymentPostprocessing = 0;
		};
		4E881E321F0484ED00DB700E /* Resources */ = {
			isa = PBXResourcesBuildPhase;
			buildActionMask = 2147483647;
			files = (
			);
			runOnlyForDeploymentPostprocessing = 0;
		};
/* End PBXResourcesBuildPhase section */

/* Begin PBXShellScriptBuildPhase section */
		0525C4400B12F5C8EFAEB35B /* [CP] Embed Pods Frameworks */ = {
			isa = PBXShellScriptBuildPhase;
			buildActionMask = 2147483647;
			files = (
			);
			inputPaths = (
			);
			name = "[CP] Embed Pods Frameworks";
			outputPaths = (
			);
			runOnlyForDeploymentPostprocessing = 0;
			shellPath = /bin/sh;
			shellScript = "\"${SRCROOT}/Pods/Target Support Files/Pods-HampKit-HampKitTests/Pods-HampKit-HampKitTests-frameworks.sh\"\n";
			showEnvVarsInLog = 0;
		};
		13AD0C72E4865651879F03FA /* [CP] Embed Pods Frameworks */ = {
			isa = PBXShellScriptBuildPhase;
			buildActionMask = 2147483647;
			files = (
			);
			inputPaths = (
			);
			name = "[CP] Embed Pods Frameworks";
			outputPaths = (
			);
			runOnlyForDeploymentPostprocessing = 0;
			shellPath = /bin/sh;
			shellScript = "\"${SRCROOT}/Pods/Target Support Files/Pods-HampKit/Pods-HampKit-frameworks.sh\"\n";
			showEnvVarsInLog = 0;
		};
		3FC99D335B994468E1581D4B /* [CP] Check Pods Manifest.lock */ = {
			isa = PBXShellScriptBuildPhase;
			buildActionMask = 2147483647;
			files = (
			);
			inputPaths = (
			);
			name = "[CP] Check Pods Manifest.lock";
			outputPaths = (
			);
			runOnlyForDeploymentPostprocessing = 0;
			shellPath = /bin/sh;
			shellScript = "diff \"${PODS_PODFILE_DIR_PATH}/Podfile.lock\" \"${PODS_ROOT}/Manifest.lock\" > /dev/null\nif [ $? != 0 ] ; then\n    # print error to STDERR\n    echo \"error: The sandbox is not in sync with the Podfile.lock. Run 'pod install' or update your CocoaPods installation.\" >&2\n    exit 1\nfi\n";
			showEnvVarsInLog = 0;
		};
		6E9FC3443E178149A1F8D1E4 /* [CP] Copy Pods Resources */ = {
			isa = PBXShellScriptBuildPhase;
			buildActionMask = 2147483647;
			files = (
			);
			inputPaths = (
			);
			name = "[CP] Copy Pods Resources";
			outputPaths = (
			);
			runOnlyForDeploymentPostprocessing = 0;
			shellPath = /bin/sh;
			shellScript = "\"${SRCROOT}/Pods/Target Support Files/Pods-HampKit-HampKitTests/Pods-HampKit-HampKitTests-resources.sh\"\n";
			showEnvVarsInLog = 0;
		};
		7BC327D02E4E4AA508AE02BC /* [CP] Copy Pods Resources */ = {
			isa = PBXShellScriptBuildPhase;
			buildActionMask = 2147483647;
			files = (
			);
			inputPaths = (
			);
			name = "[CP] Copy Pods Resources";
			outputPaths = (
			);
			runOnlyForDeploymentPostprocessing = 0;
			shellPath = /bin/sh;
			shellScript = "\"${SRCROOT}/Pods/Target Support Files/Pods-HampKit/Pods-HampKit-resources.sh\"\n";
			showEnvVarsInLog = 0;
		};
		9C17ABC9D0D02F1CEFD68379 /* [CP] Check Pods Manifest.lock */ = {
			isa = PBXShellScriptBuildPhase;
			buildActionMask = 2147483647;
			files = (
			);
			inputPaths = (
			);
			name = "[CP] Check Pods Manifest.lock";
			outputPaths = (
			);
			runOnlyForDeploymentPostprocessing = 0;
			shellPath = /bin/sh;
			shellScript = "diff \"${PODS_PODFILE_DIR_PATH}/Podfile.lock\" \"${PODS_ROOT}/Manifest.lock\" > /dev/null\nif [ $? != 0 ] ; then\n    # print error to STDERR\n    echo \"error: The sandbox is not in sync with the Podfile.lock. Run 'pod install' or update your CocoaPods installation.\" >&2\n    exit 1\nfi\n";
			showEnvVarsInLog = 0;
		};
/* End PBXShellScriptBuildPhase section */

/* Begin PBXSourcesBuildPhase section */
		4E5B08BA1F04776900236A9E /* Sources */ = {
			isa = PBXSourcesBuildPhase;
			buildActionMask = 2147483647;
			files = (
				4E5B08C21F04776A00236A9E /* AppDelegate.swift in Sources */,
				4EB3C98F1F0BB78F00183EFB /* HampFirebaseUser.swift in Sources */,
				4EB3C98D1F0BB68800183EFB /* HampFirebaseAuth.swift in Sources */,
				4EFD283B1F0D53A7005AB098 /* HampFirebaseObject.swift in Sources */,
				4E5B08E61F047BA500236A9E /* HampFile.swift in Sources */,
				4EA98A711F0D665F00EC3A69 /* HampDatabaseEvent.swift in Sources */,
				4E93D2041F0AA59C00442673 /* HampFirebaseFilesProvider.swift in Sources */,
				4E2356091F0A8C21006F7161 /* HampEnvironment.swift in Sources */,
				4E93D2001F0AA1BF00442673 /* HampFirebaseManager.swift in Sources */,
				4EA98A731F0D7AB000EC3A69 /* HampConstants.swift in Sources */,
				4EFD28351F0D459A005AB098 /* HampFirebaseDatabaseConnector.swift in Sources */,
				4EA98A6F1F0D646000EC3A69 /* HampLocker.swift in Sources */,
			);
			runOnlyForDeploymentPostprocessing = 0;
		};
		4E881E301F0484ED00DB700E /* Sources */ = {
			isa = PBXSourcesBuildPhase;
			buildActionMask = 2147483647;
			files = (
				4E74D9601F0E4FD10033407C /* HampFirebaseDatabaseConnector.swift in Sources */,
				4E74D9611F0E4FD10033407C /* HampFirebaseObject.swift in Sources */,
				4E74D9621F0E4FD10033407C /* HampLocker.swift in Sources */,
				4E74D9631F0E4FD10033407C /* HampDatabaseEvent.swift in Sources */,
				4E74D9641F0E4FD10033407C /* HampConstants.swift in Sources */,
				4E74D95F1F0E4FC00033407C /* HampKitLockerTests.swift in Sources */,
				4ECFBB181F0BE2070097BC91 /* HampKitAuthTests.swift in Sources */,
				4EB3C9911F0BB79700183EFB /* HampFirebaseAuth.swift in Sources */,
				4EE2866C1F0AA63C001F1071 /* HampFirebaseManager.swift in Sources */,
				4EE2866D1F0AA63C001F1071 /* HampFirebaseFilesProvider.swift in Sources */,
				4E93D1FE1F0A9F1600442673 /* HampEnvironment.swift in Sources */,
				4E03FEF51F0D3E3000A62431 /* HampKitAuthErrorsTests.swift in Sources */,
				4E7D19971F04860E00231234 /* HampFile.swift in Sources */,
				4EB3C9901F0BB78F00183EFB /* HampFirebaseUser.swift in Sources */,
				4EE2866B1F0AA600001F1071 /* HampKitManagerTests.swift in Sources */,
				4E881E371F0484EE00DB700E /* HampKitFileTests.swift in Sources */,
				4E23560B1F0A93C8006F7161 /* HampKitEnviromentTests.swift in Sources */,
			);
			runOnlyForDeploymentPostprocessing = 0;
		};
/* End PBXSourcesBuildPhase section */

/* Begin PBXTargetDependency section */
		4E881E3A1F0484EE00DB700E /* PBXTargetDependency */ = {
			isa = PBXTargetDependency;
			target = 4E5B08BD1F04776900236A9E /* HampKit */;
			targetProxy = 4E881E391F0484EE00DB700E /* PBXContainerItemProxy */;
		};
/* End PBXTargetDependency section */

/* Begin XCBuildConfiguration section */
		4E5B08D91F04776A00236A9E /* Debug */ = {
			isa = XCBuildConfiguration;
			buildSettings = {
				ALWAYS_SEARCH_USER_PATHS = NO;
				CLANG_ANALYZER_NONNULL = YES;
				CLANG_ANALYZER_NUMBER_OBJECT_CONVERSION = YES_AGGRESSIVE;
				CLANG_CXX_LANGUAGE_STANDARD = "gnu++14";
				CLANG_CXX_LIBRARY = "libc++";
				CLANG_ENABLE_MODULES = YES;
				CLANG_ENABLE_OBJC_ARC = YES;
				CLANG_WARN_BLOCK_CAPTURE_AUTORELEASING = YES;
				CLANG_WARN_BOOL_CONVERSION = YES;
				CLANG_WARN_COMMA = YES;
				CLANG_WARN_CONSTANT_CONVERSION = YES;
				CLANG_WARN_DIRECT_OBJC_ISA_USAGE = YES_ERROR;
				CLANG_WARN_DOCUMENTATION_COMMENTS = YES;
				CLANG_WARN_EMPTY_BODY = YES;
				CLANG_WARN_ENUM_CONVERSION = YES;
				CLANG_WARN_INFINITE_RECURSION = YES;
				CLANG_WARN_INT_CONVERSION = YES;
				CLANG_WARN_OBJC_ROOT_CLASS = YES_ERROR;
				CLANG_WARN_RANGE_LOOP_ANALYSIS = YES;
				CLANG_WARN_STRICT_PROTOTYPES = YES;
				CLANG_WARN_SUSPICIOUS_MOVE = YES;
				CLANG_WARN_UNGUARDED_AVAILABILITY = YES_AGGRESSIVE;
				CLANG_WARN_UNREACHABLE_CODE = YES;
				CLANG_WARN__DUPLICATE_METHOD_MATCH = YES;
				CODE_SIGN_IDENTITY = "iPhone Developer";
				COPY_PHASE_STRIP = NO;
				DEBUG_INFORMATION_FORMAT = dwarf;
				ENABLE_STRICT_OBJC_MSGSEND = YES;
				ENABLE_TESTABILITY = YES;
				GCC_C_LANGUAGE_STANDARD = gnu11;
				GCC_DYNAMIC_NO_PIC = NO;
				GCC_NO_COMMON_BLOCKS = YES;
				GCC_OPTIMIZATION_LEVEL = 0;
				GCC_PREPROCESSOR_DEFINITIONS = (
					"DEBUG=1",
					"$(inherited)",
				);
				GCC_WARN_64_TO_32_BIT_CONVERSION = YES;
				GCC_WARN_ABOUT_RETURN_TYPE = YES_ERROR;
				GCC_WARN_UNDECLARED_SELECTOR = YES;
				GCC_WARN_UNINITIALIZED_AUTOS = YES_AGGRESSIVE;
				GCC_WARN_UNUSED_FUNCTION = YES;
				GCC_WARN_UNUSED_VARIABLE = YES;
				IPHONEOS_DEPLOYMENT_TARGET = 11.0;
				MTL_ENABLE_DEBUG_INFO = YES;
				ONLY_ACTIVE_ARCH = YES;
				SDKROOT = iphoneos;
				SWIFT_ACTIVE_COMPILATION_CONDITIONS = DEBUG;
				SWIFT_OPTIMIZATION_LEVEL = "-Onone";
			};
			name = Debug;
		};
		4E5B08DA1F04776A00236A9E /* Release */ = {
			isa = XCBuildConfiguration;
			buildSettings = {
				ALWAYS_SEARCH_USER_PATHS = NO;
				CLANG_ANALYZER_NONNULL = YES;
				CLANG_ANALYZER_NUMBER_OBJECT_CONVERSION = YES_AGGRESSIVE;
				CLANG_CXX_LANGUAGE_STANDARD = "gnu++14";
				CLANG_CXX_LIBRARY = "libc++";
				CLANG_ENABLE_MODULES = YES;
				CLANG_ENABLE_OBJC_ARC = YES;
				CLANG_WARN_BLOCK_CAPTURE_AUTORELEASING = YES;
				CLANG_WARN_BOOL_CONVERSION = YES;
				CLANG_WARN_COMMA = YES;
				CLANG_WARN_CONSTANT_CONVERSION = YES;
				CLANG_WARN_DIRECT_OBJC_ISA_USAGE = YES_ERROR;
				CLANG_WARN_DOCUMENTATION_COMMENTS = YES;
				CLANG_WARN_EMPTY_BODY = YES;
				CLANG_WARN_ENUM_CONVERSION = YES;
				CLANG_WARN_INFINITE_RECURSION = YES;
				CLANG_WARN_INT_CONVERSION = YES;
				CLANG_WARN_OBJC_ROOT_CLASS = YES_ERROR;
				CLANG_WARN_RANGE_LOOP_ANALYSIS = YES;
				CLANG_WARN_STRICT_PROTOTYPES = YES;
				CLANG_WARN_SUSPICIOUS_MOVE = YES;
				CLANG_WARN_UNGUARDED_AVAILABILITY = YES_AGGRESSIVE;
				CLANG_WARN_UNREACHABLE_CODE = YES;
				CLANG_WARN__DUPLICATE_METHOD_MATCH = YES;
				CODE_SIGN_IDENTITY = "iPhone Developer";
				COPY_PHASE_STRIP = NO;
				DEBUG_INFORMATION_FORMAT = "dwarf-with-dsym";
				ENABLE_NS_ASSERTIONS = NO;
				ENABLE_STRICT_OBJC_MSGSEND = YES;
				GCC_C_LANGUAGE_STANDARD = gnu11;
				GCC_NO_COMMON_BLOCKS = YES;
				GCC_WARN_64_TO_32_BIT_CONVERSION = YES;
				GCC_WARN_ABOUT_RETURN_TYPE = YES_ERROR;
				GCC_WARN_UNDECLARED_SELECTOR = YES;
				GCC_WARN_UNINITIALIZED_AUTOS = YES_AGGRESSIVE;
				GCC_WARN_UNUSED_FUNCTION = YES;
				GCC_WARN_UNUSED_VARIABLE = YES;
				IPHONEOS_DEPLOYMENT_TARGET = 11.0;
				MTL_ENABLE_DEBUG_INFO = NO;
				SDKROOT = iphoneos;
				SWIFT_OPTIMIZATION_LEVEL = "-Owholemodule";
				VALIDATE_PRODUCT = YES;
			};
			name = Release;
		};
		4E5B08DC1F04776A00236A9E /* Debug */ = {
			isa = XCBuildConfiguration;
			baseConfigurationReference = AB970159482CDD3FFB1F169D /* Pods-HampKit.debug.xcconfig */;
			buildSettings = {
				ASSETCATALOG_COMPILER_APPICON_NAME = AppIcon;
				DEFINES_MODULE = NO;
				DEVELOPMENT_TEAM = U9QF88MGC2;
				INFOPLIST_FILE = HampKit/Info.plist;
				IPHONEOS_DEPLOYMENT_TARGET = 9.0;
				LD_RUNPATH_SEARCH_PATHS = "$(inherited) @executable_path/Frameworks";
				PRODUCT_BUNDLE_IDENTIFIER = com.hamp.HampKit;
				PRODUCT_NAME = "$(TARGET_NAME)";
				SWIFT_VERSION = 4.0;
				TARGETED_DEVICE_FAMILY = "1,2";
			};
			name = Debug;
		};
		4E5B08DD1F04776A00236A9E /* Release */ = {
			isa = XCBuildConfiguration;
			baseConfigurationReference = 92CA31753B318C7843B71695 /* Pods-HampKit.release.xcconfig */;
			buildSettings = {
				ASSETCATALOG_COMPILER_APPICON_NAME = AppIcon;
				DEFINES_MODULE = NO;
				DEVELOPMENT_TEAM = U9QF88MGC2;
				INFOPLIST_FILE = HampKit/Info.plist;
				IPHONEOS_DEPLOYMENT_TARGET = 9.0;
				LD_RUNPATH_SEARCH_PATHS = "$(inherited) @executable_path/Frameworks";
				PRODUCT_BUNDLE_IDENTIFIER = com.hamp.HampKit;
				PRODUCT_NAME = "$(TARGET_NAME)";
				SWIFT_VERSION = 4.0;
				TARGETED_DEVICE_FAMILY = "1,2";
			};
			name = Release;
		};
		4E881E3C1F0484EE00DB700E /* Debug */ = {
			isa = XCBuildConfiguration;
			baseConfigurationReference = 860AD15CD5553611C2383A9F /* Pods-HampKit-HampKitTests.debug.xcconfig */;
			buildSettings = {
				BUNDLE_LOADER = "$(TEST_HOST)";
				DEVELOPMENT_TEAM = U9QF88MGC2;
				INFOPLIST_FILE = HampKitTests/Info.plist;
				LD_RUNPATH_SEARCH_PATHS = "$(inherited) @executable_path/Frameworks @loader_path/Frameworks";
				PRODUCT_BUNDLE_IDENTIFIER = com.hamp.HampKitTests;
				PRODUCT_NAME = "$(TARGET_NAME)";
				SWIFT_VERSION = 4.0;
				TARGETED_DEVICE_FAMILY = "1,2";
				TEST_HOST = "$(BUILT_PRODUCTS_DIR)/HampKit.app/HampKit";
			};
			name = Debug;
		};
		4E881E3D1F0484EE00DB700E /* Release */ = {
			isa = XCBuildConfiguration;
			baseConfigurationReference = EE8FF8AF25485BBEC69CEA2D /* Pods-HampKit-HampKitTests.release.xcconfig */;
			buildSettings = {
				BUNDLE_LOADER = "$(TEST_HOST)";
				DEVELOPMENT_TEAM = U9QF88MGC2;
				INFOPLIST_FILE = HampKitTests/Info.plist;
				LD_RUNPATH_SEARCH_PATHS = "$(inherited) @executable_path/Frameworks @loader_path/Frameworks";
				PRODUCT_BUNDLE_IDENTIFIER = com.hamp.HampKitTests;
				PRODUCT_NAME = "$(TARGET_NAME)";
				SWIFT_VERSION = 4.0;
				TARGETED_DEVICE_FAMILY = "1,2";
				TEST_HOST = "$(BUILT_PRODUCTS_DIR)/HampKit.app/HampKit";
			};
			name = Release;
		};
/* End XCBuildConfiguration section */

/* Begin XCConfigurationList section */
		4E5B08B91F04776900236A9E /* Build configuration list for PBXProject "HampKit" */ = {
			isa = XCConfigurationList;
			buildConfigurations = (
				4E5B08D91F04776A00236A9E /* Debug */,
				4E5B08DA1F04776A00236A9E /* Release */,
			);
			defaultConfigurationIsVisible = 0;
			defaultConfigurationName = Release;
		};
		4E5B08DB1F04776A00236A9E /* Build configuration list for PBXNativeTarget "HampKit" */ = {
			isa = XCConfigurationList;
			buildConfigurations = (
				4E5B08DC1F04776A00236A9E /* Debug */,
				4E5B08DD1F04776A00236A9E /* Release */,
			);
			defaultConfigurationIsVisible = 0;
			defaultConfigurationName = Release;
		};
		4E881E3B1F0484EE00DB700E /* Build configuration list for PBXNativeTarget "HampKitTests" */ = {
			isa = XCConfigurationList;
			buildConfigurations = (
				4E881E3C1F0484EE00DB700E /* Debug */,
				4E881E3D1F0484EE00DB700E /* Release */,
			);
			defaultConfigurationIsVisible = 0;
			defaultConfigurationName = Release;
		};
/* End XCConfigurationList section */
	};
	rootObject = 4E5B08B61F04776900236A9E /* Project object */;
}
