// !$*UTF8*$!
{
	archiveVersion = 1;
	classes = {
	};
	objectVersion = 48;
	objects = {

/* Begin PBXBuildFile section */
		192C8D562045EA750071D85D /* CreditCardError.swift in Sources */ = {isa = PBXBuildFile; fileRef = 192C8D552045EA750071D85D /* CreditCardError.swift */; };
		192C8D582046D8BC0071D85D /* Date+Calendar.swift in Sources */ = {isa = PBXBuildFile; fileRef = 192C8D572046D8BC0071D85D /* Date+Calendar.swift */; };
		192C8D5E2046E2C80071D85D /* CreditCardTests.swift in Sources */ = {isa = PBXBuildFile; fileRef = 192C8D5D2046E2C80071D85D /* CreditCardTests.swift */; };
		192C8D60204702070071D85D /* BookingError.swift in Sources */ = {isa = PBXBuildFile; fileRef = 192C8D5F204702070071D85D /* BookingError.swift */; };
		1979EC4220494D2B006D7BE7 /* BookingTest.swift in Sources */ = {isa = PBXBuildFile; fileRef = 1979EC4120494D2B006D7BE7 /* BookingTest.swift */; };
		4E4D4F9C1F2633860063A50C /* GoogleService-Info.plist in Resources */ = {isa = PBXBuildFile; fileRef = 4E4D4F9B1F2633860063A50C /* GoogleService-Info.plist */; };
		4E5B08C21F04776A00236A9E /* AppDelegate.swift in Sources */ = {isa = PBXBuildFile; fileRef = 4E5B08C11F04776A00236A9E /* AppDelegate.swift */; };
		4E5B08C91F04776A00236A9E /* Assets.xcassets in Resources */ = {isa = PBXBuildFile; fileRef = 4E5B08C81F04776A00236A9E /* Assets.xcassets */; };
		4EB3131520433E2000373760 /* String+URL.swift in Sources */ = {isa = PBXBuildFile; fileRef = 4EB312F820433E2000373760 /* String+URL.swift */; };
		4EB3131620433E2000373760 /* String+Replace.swift in Sources */ = {isa = PBXBuildFile; fileRef = 4EB312F920433E2000373760 /* String+Replace.swift */; };
		4EB3131720433E2000373760 /* Schemes.swift in Sources */ = {isa = PBXBuildFile; fileRef = 4EB312FA20433E2000373760 /* Schemes.swift */; };
		4EB3131820433E2000373760 /* Validator.swift in Sources */ = {isa = PBXBuildFile; fileRef = 4EB312FC20433E2000373760 /* Validator.swift */; };
		4EB3131920433E2000373760 /* Requestable.swift in Sources */ = {isa = PBXBuildFile; fileRef = 4EB312FE20433E2000373760 /* Requestable.swift */; };
		4EB3131A20433E2000373760 /* HampCodable.swift in Sources */ = {isa = PBXBuildFile; fileRef = 4EB312FF20433E2000373760 /* HampCodable.swift */; };
		4EB3131B20433E2000373760 /* UserRequester.swift in Sources */ = {isa = PBXBuildFile; fileRef = 4EB3130120433E2000373760 /* UserRequester.swift */; };
		4EB3131C20433E2000373760 /* TransactionsRequester.swift in Sources */ = {isa = PBXBuildFile; fileRef = 4EB3130220433E2000373760 /* TransactionsRequester.swift */; };
		4EB3131D20433E2000373760 /* AuthRequester.swift in Sources */ = {isa = PBXBuildFile; fileRef = 4EB3130320433E2000373760 /* AuthRequester.swift */; };
		4EB3131E20433E2000373760 /* CreditCard.swift in Sources */ = {isa = PBXBuildFile; fileRef = 4EB3130520433E2000373760 /* CreditCard.swift */; };
		4EB3131F20433E2000373760 /* Service.swift in Sources */ = {isa = PBXBuildFile; fileRef = 4EB3130620433E2000373760 /* Service.swift */; };
		4EB3132020433E2000373760 /* Booking.swift in Sources */ = {isa = PBXBuildFile; fileRef = 4EB3130720433E2000373760 /* Booking.swift */; };
		4EB3132120433E2000373760 /* User.swift in Sources */ = {isa = PBXBuildFile; fileRef = 4EB3130820433E2000373760 /* User.swift */; };
		4EB3132220433E2000373760 /* Locker.swift in Sources */ = {isa = PBXBuildFile; fileRef = 4EB3130920433E2000373760 /* Locker.swift */; };
		4EB3132320433E2000373760 /* Size.swift in Sources */ = {isa = PBXBuildFile; fileRef = 4EB3130A20433E2000373760 /* Size.swift */; };
		4EB3132420433E2000373760 /* Transaction.swift in Sources */ = {isa = PBXBuildFile; fileRef = 4EB3130B20433E2000373760 /* Transaction.swift */; };
		4EB3132520433E2000373760 /* HiredService.swift in Sources */ = {isa = PBXBuildFile; fileRef = 4EB3130C20433E2000373760 /* HiredService.swift */; };
		4EB3132620433E2000373760 /* UserError.swift in Sources */ = {isa = PBXBuildFile; fileRef = 4EB3130E20433E2000373760 /* UserError.swift */; };
		4EB3132720433E2000373760 /* Objectable.swift in Sources */ = {isa = PBXBuildFile; fileRef = 4EB3131020433E2000373760 /* Objectable.swift */; };
		4EB3132820433E2000373760 /* Response.swift in Sources */ = {isa = PBXBuildFile; fileRef = 4EB3131120433E2000373760 /* Response.swift */; };
		4EB3132920433E2000373760 /* Request.swift in Sources */ = {isa = PBXBuildFile; fileRef = 4EB3131220433E2000373760 /* Request.swift */; };
		4EB3132A20433E2000373760 /* Regex.swift in Sources */ = {isa = PBXBuildFile; fileRef = 4EB3131320433E2000373760 /* Regex.swift */; };
		4EB3132B20433E2000373760 /* Singletons.swift in Sources */ = {isa = PBXBuildFile; fileRef = 4EB3131420433E2000373760 /* Singletons.swift */; };
		4EB3133420433E4200373760 /* UserTests.swift in Sources */ = {isa = PBXBuildFile; fileRef = 4EB3132C20433E4100373760 /* UserTests.swift */; };
		4EB3133520433E4200373760 /* ValidatorTests.swift in Sources */ = {isa = PBXBuildFile; fileRef = 4EB3132D20433E4100373760 /* ValidatorTests.swift */; };
		4EB3133620433E4200373760 /* TransactionTests.swift in Sources */ = {isa = PBXBuildFile; fileRef = 4EB3132E20433E4100373760 /* TransactionTests.swift */; };
		4EB3133720433E4200373760 /* UpdateUserTests.swift in Sources */ = {isa = PBXBuildFile; fileRef = 4EB3132F20433E4100373760 /* UpdateUserTests.swift */; };
		4EB3133820433E4200373760 /* URLSessionMock.swift in Sources */ = {isa = PBXBuildFile; fileRef = 4EB3133120433E4100373760 /* URLSessionMock.swift */; };
		4EB3133920433E4200373760 /* URLSessionDataTaskMock.swift in Sources */ = {isa = PBXBuildFile; fileRef = 4EB3133220433E4100373760 /* URLSessionDataTaskMock.swift */; };
		4EB3133A20433E4200373760 /* AuthTests.swift in Sources */ = {isa = PBXBuildFile; fileRef = 4EB3133320433E4100373760 /* AuthTests.swift */; };
		4EB3133C20433E9D00373760 /* Hamp.swift in Sources */ = {isa = PBXBuildFile; fileRef = 4EB3133B20433E9D00373760 /* Hamp.swift */; };
		7A4DA6F8D8FCD7054E9F1560 /* Pods_HampKit_HampKitTests.framework in Frameworks */ = {isa = PBXBuildFile; fileRef = DAE8D9D0465669BA02232D74 /* Pods_HampKit_HampKitTests.framework */; };
		E04B20A9F4F99841943FDFB6 /* Pods_HampKit.framework in Frameworks */ = {isa = PBXBuildFile; fileRef = 370DA003F727CFC8347C4B2C /* Pods_HampKit.framework */; };
/* End PBXBuildFile section */

/* Begin PBXContainerItemProxy section */
		4E881E391F0484EE00DB700E /* PBXContainerItemProxy */ = {
			isa = PBXContainerItemProxy;
			containerPortal = 4E5B08B61F04776900236A9E /* Project object */;
			proxyType = 1;
			remoteGlobalIDString = 4E5B08BD1F04776900236A9E;
			remoteInfo = HampKit;
		};
/* End PBXContainerItemProxy section */

/* Begin PBXFileReference section */
		192C8D552045EA750071D85D /* CreditCardError.swift */ = {isa = PBXFileReference; lastKnownFileType = sourcecode.swift; path = CreditCardError.swift; sourceTree = "<group>"; };
		192C8D572046D8BC0071D85D /* Date+Calendar.swift */ = {isa = PBXFileReference; lastKnownFileType = sourcecode.swift; path = "Date+Calendar.swift"; sourceTree = "<group>"; };
		192C8D5D2046E2C80071D85D /* CreditCardTests.swift */ = {isa = PBXFileReference; lastKnownFileType = sourcecode.swift; path = CreditCardTests.swift; sourceTree = "<group>"; };
		192C8D5F204702070071D85D /* BookingError.swift */ = {isa = PBXFileReference; lastKnownFileType = sourcecode.swift; path = BookingError.swift; sourceTree = "<group>"; };
		1979EC4120494D2B006D7BE7 /* BookingTest.swift */ = {isa = PBXFileReference; lastKnownFileType = sourcecode.swift; path = BookingTest.swift; sourceTree = "<group>"; };
		29A29BE8B8B5A81E5374D121 /* Pods-HampKitTests.debug.xcconfig */ = {isa = PBXFileReference; includeInIndex = 1; lastKnownFileType = text.xcconfig; name = "Pods-HampKitTests.debug.xcconfig"; path = "Pods/Target Support Files/Pods-HampKitTests/Pods-HampKitTests.debug.xcconfig"; sourceTree = "<group>"; };
		370DA003F727CFC8347C4B2C /* Pods_HampKit.framework */ = {isa = PBXFileReference; explicitFileType = wrapper.framework; includeInIndex = 0; path = Pods_HampKit.framework; sourceTree = BUILT_PRODUCTS_DIR; };
		4E4D4F9B1F2633860063A50C /* GoogleService-Info.plist */ = {isa = PBXFileReference; fileEncoding = 4; lastKnownFileType = text.plist.xml; name = "GoogleService-Info.plist"; path = "../../Assets/GoogleService-Info.plist"; sourceTree = "<group>"; };
		4E5B08BE1F04776900236A9E /* HampKit.app */ = {isa = PBXFileReference; explicitFileType = wrapper.application; includeInIndex = 0; path = HampKit.app; sourceTree = BUILT_PRODUCTS_DIR; };
		4E5B08C11F04776A00236A9E /* AppDelegate.swift */ = {isa = PBXFileReference; lastKnownFileType = sourcecode.swift; path = AppDelegate.swift; sourceTree = "<group>"; };
		4E5B08C81F04776A00236A9E /* Assets.xcassets */ = {isa = PBXFileReference; lastKnownFileType = folder.assetcatalog; path = Assets.xcassets; sourceTree = "<group>"; };
		4E5B08CD1F04776A00236A9E /* Info.plist */ = {isa = PBXFileReference; lastKnownFileType = text.plist.xml; path = Info.plist; sourceTree = "<group>"; };
		4E881E341F0484ED00DB700E /* HampKitTests.xctest */ = {isa = PBXFileReference; explicitFileType = wrapper.cfbundle; includeInIndex = 0; path = HampKitTests.xctest; sourceTree = BUILT_PRODUCTS_DIR; };
		4E881E381F0484EE00DB700E /* Info.plist */ = {isa = PBXFileReference; lastKnownFileType = text.plist.xml; path = Info.plist; sourceTree = "<group>"; };
		4EB312F820433E2000373760 /* String+URL.swift */ = {isa = PBXFileReference; fileEncoding = 4; lastKnownFileType = sourcecode.swift; path = "String+URL.swift"; sourceTree = "<group>"; };
		4EB312F920433E2000373760 /* String+Replace.swift */ = {isa = PBXFileReference; fileEncoding = 4; lastKnownFileType = sourcecode.swift; path = "String+Replace.swift"; sourceTree = "<group>"; };
		4EB312FA20433E2000373760 /* Schemes.swift */ = {isa = PBXFileReference; fileEncoding = 4; lastKnownFileType = sourcecode.swift; name = Schemes.swift; path = ../../Sources/Schemes.swift; sourceTree = "<group>"; };
		4EB312FC20433E2000373760 /* Validator.swift */ = {isa = PBXFileReference; fileEncoding = 4; lastKnownFileType = sourcecode.swift; path = Validator.swift; sourceTree = "<group>"; };
		4EB312FE20433E2000373760 /* Requestable.swift */ = {isa = PBXFileReference; fileEncoding = 4; lastKnownFileType = sourcecode.swift; path = Requestable.swift; sourceTree = "<group>"; };
		4EB312FF20433E2000373760 /* HampCodable.swift */ = {isa = PBXFileReference; fileEncoding = 4; lastKnownFileType = sourcecode.swift; path = HampCodable.swift; sourceTree = "<group>"; };
		4EB3130120433E2000373760 /* UserRequester.swift */ = {isa = PBXFileReference; fileEncoding = 4; lastKnownFileType = sourcecode.swift; path = UserRequester.swift; sourceTree = "<group>"; };
		4EB3130220433E2000373760 /* TransactionsRequester.swift */ = {isa = PBXFileReference; fileEncoding = 4; lastKnownFileType = sourcecode.swift; path = TransactionsRequester.swift; sourceTree = "<group>"; };
		4EB3130320433E2000373760 /* AuthRequester.swift */ = {isa = PBXFileReference; fileEncoding = 4; lastKnownFileType = sourcecode.swift; path = AuthRequester.swift; sourceTree = "<group>"; };
		4EB3130520433E2000373760 /* CreditCard.swift */ = {isa = PBXFileReference; fileEncoding = 4; lastKnownFileType = sourcecode.swift; path = CreditCard.swift; sourceTree = "<group>"; };
		4EB3130620433E2000373760 /* Service.swift */ = {isa = PBXFileReference; fileEncoding = 4; lastKnownFileType = sourcecode.swift; path = Service.swift; sourceTree = "<group>"; };
		4EB3130720433E2000373760 /* Booking.swift */ = {isa = PBXFileReference; fileEncoding = 4; lastKnownFileType = sourcecode.swift; path = Booking.swift; sourceTree = "<group>"; };
		4EB3130820433E2000373760 /* User.swift */ = {isa = PBXFileReference; fileEncoding = 4; lastKnownFileType = sourcecode.swift; path = User.swift; sourceTree = "<group>"; };
		4EB3130920433E2000373760 /* Locker.swift */ = {isa = PBXFileReference; fileEncoding = 4; lastKnownFileType = sourcecode.swift; path = Locker.swift; sourceTree = "<group>"; };
		4EB3130A20433E2000373760 /* Size.swift */ = {isa = PBXFileReference; fileEncoding = 4; lastKnownFileType = sourcecode.swift; path = Size.swift; sourceTree = "<group>"; };
		4EB3130B20433E2000373760 /* Transaction.swift */ = {isa = PBXFileReference; fileEncoding = 4; lastKnownFileType = sourcecode.swift; path = Transaction.swift; sourceTree = "<group>"; };
		4EB3130C20433E2000373760 /* HiredService.swift */ = {isa = PBXFileReference; fileEncoding = 4; lastKnownFileType = sourcecode.swift; path = HiredService.swift; sourceTree = "<group>"; };
		4EB3130E20433E2000373760 /* UserError.swift */ = {isa = PBXFileReference; fileEncoding = 4; lastKnownFileType = sourcecode.swift; path = UserError.swift; sourceTree = "<group>"; };
		4EB3131020433E2000373760 /* Objectable.swift */ = {isa = PBXFileReference; fileEncoding = 4; lastKnownFileType = sourcecode.swift; path = Objectable.swift; sourceTree = "<group>"; };
		4EB3131120433E2000373760 /* Response.swift */ = {isa = PBXFileReference; fileEncoding = 4; lastKnownFileType = sourcecode.swift; path = Response.swift; sourceTree = "<group>"; };
		4EB3131220433E2000373760 /* Request.swift */ = {isa = PBXFileReference; fileEncoding = 4; lastKnownFileType = sourcecode.swift; path = Request.swift; sourceTree = "<group>"; };
		4EB3131320433E2000373760 /* Regex.swift */ = {isa = PBXFileReference; fileEncoding = 4; lastKnownFileType = sourcecode.swift; path = Regex.swift; sourceTree = "<group>"; };
		4EB3131420433E2000373760 /* Singletons.swift */ = {isa = PBXFileReference; fileEncoding = 4; lastKnownFileType = sourcecode.swift; path = Singletons.swift; sourceTree = "<group>"; };
		4EB3132C20433E4100373760 /* UserTests.swift */ = {isa = PBXFileReference; fileEncoding = 4; lastKnownFileType = sourcecode.swift; path = UserTests.swift; sourceTree = "<group>"; };
		4EB3132D20433E4100373760 /* ValidatorTests.swift */ = {isa = PBXFileReference; fileEncoding = 4; lastKnownFileType = sourcecode.swift; path = ValidatorTests.swift; sourceTree = "<group>"; };
		4EB3132E20433E4100373760 /* TransactionTests.swift */ = {isa = PBXFileReference; fileEncoding = 4; lastKnownFileType = sourcecode.swift; path = TransactionTests.swift; sourceTree = "<group>"; };
		4EB3132F20433E4100373760 /* UpdateUserTests.swift */ = {isa = PBXFileReference; fileEncoding = 4; lastKnownFileType = sourcecode.swift; path = UpdateUserTests.swift; sourceTree = "<group>"; };
		4EB3133120433E4100373760 /* URLSessionMock.swift */ = {isa = PBXFileReference; fileEncoding = 4; lastKnownFileType = sourcecode.swift; path = URLSessionMock.swift; sourceTree = "<group>"; };
		4EB3133220433E4100373760 /* URLSessionDataTaskMock.swift */ = {isa = PBXFileReference; fileEncoding = 4; lastKnownFileType = sourcecode.swift; path = URLSessionDataTaskMock.swift; sourceTree = "<group>"; };
		4EB3133320433E4100373760 /* AuthTests.swift */ = {isa = PBXFileReference; fileEncoding = 4; lastKnownFileType = sourcecode.swift; path = AuthTests.swift; sourceTree = "<group>"; };
		4EB3133B20433E9D00373760 /* Hamp.swift */ = {isa = PBXFileReference; fileEncoding = 4; lastKnownFileType = sourcecode.swift; name = Hamp.swift; path = ../../Sources/Hamp.swift; sourceTree = "<group>"; };
		6CB9AC343DA4BE670916D2C1 /* Pods-HampKitTests.release.xcconfig */ = {isa = PBXFileReference; includeInIndex = 1; lastKnownFileType = text.xcconfig; name = "Pods-HampKitTests.release.xcconfig"; path = "Pods/Target Support Files/Pods-HampKitTests/Pods-HampKitTests.release.xcconfig"; sourceTree = "<group>"; };
		860AD15CD5553611C2383A9F /* Pods-HampKit-HampKitTests.debug.xcconfig */ = {isa = PBXFileReference; includeInIndex = 1; lastKnownFileType = text.xcconfig; name = "Pods-HampKit-HampKitTests.debug.xcconfig"; path = "Pods/Target Support Files/Pods-HampKit-HampKitTests/Pods-HampKit-HampKitTests.debug.xcconfig"; sourceTree = "<group>"; };
		92CA31753B318C7843B71695 /* Pods-HampKit.release.xcconfig */ = {isa = PBXFileReference; includeInIndex = 1; lastKnownFileType = text.xcconfig; name = "Pods-HampKit.release.xcconfig"; path = "Pods/Target Support Files/Pods-HampKit/Pods-HampKit.release.xcconfig"; sourceTree = "<group>"; };
		AB970159482CDD3FFB1F169D /* Pods-HampKit.debug.xcconfig */ = {isa = PBXFileReference; includeInIndex = 1; lastKnownFileType = text.xcconfig; name = "Pods-HampKit.debug.xcconfig"; path = "Pods/Target Support Files/Pods-HampKit/Pods-HampKit.debug.xcconfig"; sourceTree = "<group>"; };
		DAE8D9D0465669BA02232D74 /* Pods_HampKit_HampKitTests.framework */ = {isa = PBXFileReference; explicitFileType = wrapper.framework; includeInIndex = 0; path = Pods_HampKit_HampKitTests.framework; sourceTree = BUILT_PRODUCTS_DIR; };
		EE4F2C5C1A954283315CCD3E /* Pods_HampKitTests.framework */ = {isa = PBXFileReference; explicitFileType = wrapper.framework; includeInIndex = 0; path = Pods_HampKitTests.framework; sourceTree = BUILT_PRODUCTS_DIR; };
		EE8FF8AF25485BBEC69CEA2D /* Pods-HampKit-HampKitTests.release.xcconfig */ = {isa = PBXFileReference; includeInIndex = 1; lastKnownFileType = text.xcconfig; name = "Pods-HampKit-HampKitTests.release.xcconfig"; path = "Pods/Target Support Files/Pods-HampKit-HampKitTests/Pods-HampKit-HampKitTests.release.xcconfig"; sourceTree = "<group>"; };
/* End PBXFileReference section */

/* Begin PBXFrameworksBuildPhase section */
		4E5B08BB1F04776900236A9E /* Frameworks */ = {
			isa = PBXFrameworksBuildPhase;
			buildActionMask = 2147483647;
			files = (
				E04B20A9F4F99841943FDFB6 /* Pods_HampKit.framework in Frameworks */,
			);
			runOnlyForDeploymentPostprocessing = 0;
		};
		4E881E311F0484ED00DB700E /* Frameworks */ = {
			isa = PBXFrameworksBuildPhase;
			buildActionMask = 2147483647;
			files = (
				7A4DA6F8D8FCD7054E9F1560 /* Pods_HampKit_HampKitTests.framework in Frameworks */,
			);
			runOnlyForDeploymentPostprocessing = 0;
		};
/* End PBXFrameworksBuildPhase section */

/* Begin PBXGroup section */
		4E5B08B51F04776900236A9E = {
			isa = PBXGroup;
			children = (
				4E5B08C01F04776900236A9E /* HampKit */,
				4E881E351F0484EE00DB700E /* HampKitTests */,
				4E5B08BF1F04776900236A9E /* Products */,
				A1F1E450D7E903CE26E97B60 /* Pods */,
				E3C53F3006CC33C6325F4C98 /* Frameworks */,
			);
			sourceTree = "<group>";
		};
		4E5B08BF1F04776900236A9E /* Products */ = {
			isa = PBXGroup;
			children = (
				4E5B08BE1F04776900236A9E /* HampKit.app */,
				4E881E341F0484ED00DB700E /* HampKitTests.xctest */,
			);
			name = Products;
			sourceTree = "<group>";
		};
		4E5B08C01F04776900236A9E /* HampKit */ = {
			isa = PBXGroup;
			children = (
				4EB3133B20433E9D00373760 /* Hamp.swift */,
				4E5B08C11F04776A00236A9E /* AppDelegate.swift */,
				4EB312FA20433E2000373760 /* Schemes.swift */,
				4EB312FD20433E2000373760 /* Model */,
				4EB312F720433E2000373760 /* Extensions */,
				4EB312FB20433E2000373760 /* Utils */,
				4E5B08E21F0478C400236A9E /* Supporting files */,
			);
			path = HampKit;
			sourceTree = "<group>";
		};
		4E5B08E21F0478C400236A9E /* Supporting files */ = {
			isa = PBXGroup;
			children = (
				4E4D4F9B1F2633860063A50C /* GoogleService-Info.plist */,
				4E5B08C81F04776A00236A9E /* Assets.xcassets */,
				4E5B08CD1F04776A00236A9E /* Info.plist */,
			);
			name = "Supporting files";
			sourceTree = "<group>";
		};
		4E881E351F0484EE00DB700E /* HampKitTests */ = {
			isa = PBXGroup;
			children = (
				1979EC4120494D2B006D7BE7 /* BookingTest.swift */,
				192C8D5D2046E2C80071D85D /* CreditCardTests.swift */,
				4EB3133320433E4100373760 /* AuthTests.swift */,
				4EB3133020433E4100373760 /* Mocks */,
				4EB3132E20433E4100373760 /* TransactionTests.swift */,
				4EB3132F20433E4100373760 /* UpdateUserTests.swift */,
				4EB3132C20433E4100373760 /* UserTests.swift */,
				4EB3132D20433E4100373760 /* ValidatorTests.swift */,
				4E881E381F0484EE00DB700E /* Info.plist */,
			);
			path = HampKitTests;
			sourceTree = "<group>";
		};
		4EB312F720433E2000373760 /* Extensions */ = {
			isa = PBXGroup;
			children = (
				4EB312F820433E2000373760 /* String+URL.swift */,
				4EB312F920433E2000373760 /* String+Replace.swift */,
				192C8D572046D8BC0071D85D /* Date+Calendar.swift */,
			);
			name = Extensions;
			path = ../../Sources/Extensions;
			sourceTree = "<group>";
		};
		4EB312FB20433E2000373760 /* Utils */ = {
			isa = PBXGroup;
			children = (
				4EB312FC20433E2000373760 /* Validator.swift */,
			);
			name = Utils;
			path = ../../Sources/Utils;
			sourceTree = "<group>";
		};
		4EB312FD20433E2000373760 /* Model */ = {
			isa = PBXGroup;
			children = (
				4EB312FE20433E2000373760 /* Requestable.swift */,
				4EB312FF20433E2000373760 /* HampCodable.swift */,
				4EB3130020433E2000373760 /* Requesters */,
				4EB3130420433E2000373760 /* Server models */,
				4EB3131120433E2000373760 /* Response.swift */,
				4EB3131220433E2000373760 /* Request.swift */,
				4EB3131320433E2000373760 /* Regex.swift */,
				4EB3131420433E2000373760 /* Singletons.swift */,
			);
			name = Model;
			path = ../../Sources/Model;
			sourceTree = "<group>";
		};
		4EB3130020433E2000373760 /* Requesters */ = {
			isa = PBXGroup;
			children = (
				4EB3130120433E2000373760 /* UserRequester.swift */,
				4EB3130220433E2000373760 /* TransactionsRequester.swift */,
				4EB3130320433E2000373760 /* AuthRequester.swift */,
			);
			path = Requesters;
			sourceTree = "<group>";
		};
		4EB3130420433E2000373760 /* Server models */ = {
			isa = PBXGroup;
			children = (
				4EB3130520433E2000373760 /* CreditCard.swift */,
				4EB3130620433E2000373760 /* Service.swift */,
				4EB3130720433E2000373760 /* Booking.swift */,
				4EB3130820433E2000373760 /* User.swift */,
				4EB3130920433E2000373760 /* Locker.swift */,
				4EB3130A20433E2000373760 /* Size.swift */,
				4EB3130B20433E2000373760 /* Transaction.swift */,
				4EB3130C20433E2000373760 /* HiredService.swift */,
				4EB3130D20433E2000373760 /* Errors */,
				4EB3130F20433E2000373760 /* Protocols */,
			);
			path = "Server models";
			sourceTree = "<group>";
		};
		4EB3130D20433E2000373760 /* Errors */ = {
			isa = PBXGroup;
			children = (
				4EB3130E20433E2000373760 /* UserError.swift */,
				192C8D552045EA750071D85D /* CreditCardError.swift */,
				192C8D5F204702070071D85D /* BookingError.swift */,
			);
			path = Errors;
			sourceTree = "<group>";
		};
		4EB3130F20433E2000373760 /* Protocols */ = {
			isa = PBXGroup;
			children = (
				4EB3131020433E2000373760 /* Objectable.swift */,
			);
			path = Protocols;
			sourceTree = "<group>";
		};
		4EB3133020433E4100373760 /* Mocks */ = {
			isa = PBXGroup;
			children = (
				4EB3133120433E4100373760 /* URLSessionMock.swift */,
				4EB3133220433E4100373760 /* URLSessionDataTaskMock.swift */,
			);
			path = Mocks;
			sourceTree = "<group>";
		};
		A1F1E450D7E903CE26E97B60 /* Pods */ = {
			isa = PBXGroup;
			children = (
				AB970159482CDD3FFB1F169D /* Pods-HampKit.debug.xcconfig */,
				92CA31753B318C7843B71695 /* Pods-HampKit.release.xcconfig */,
				29A29BE8B8B5A81E5374D121 /* Pods-HampKitTests.debug.xcconfig */,
				6CB9AC343DA4BE670916D2C1 /* Pods-HampKitTests.release.xcconfig */,
				860AD15CD5553611C2383A9F /* Pods-HampKit-HampKitTests.debug.xcconfig */,
				EE8FF8AF25485BBEC69CEA2D /* Pods-HampKit-HampKitTests.release.xcconfig */,
			);
			name = Pods;
			sourceTree = "<group>";
		};
		E3C53F3006CC33C6325F4C98 /* Frameworks */ = {
			isa = PBXGroup;
			children = (
				370DA003F727CFC8347C4B2C /* Pods_HampKit.framework */,
				EE4F2C5C1A954283315CCD3E /* Pods_HampKitTests.framework */,
				DAE8D9D0465669BA02232D74 /* Pods_HampKit_HampKitTests.framework */,
			);
			name = Frameworks;
			sourceTree = "<group>";
		};
/* End PBXGroup section */

/* Begin PBXNativeTarget section */
		4E5B08BD1F04776900236A9E /* HampKit */ = {
			isa = PBXNativeTarget;
			buildConfigurationList = 4E5B08DB1F04776A00236A9E /* Build configuration list for PBXNativeTarget "HampKit" */;
			buildPhases = (
				3FC99D335B994468E1581D4B /* [CP] Check Pods Manifest.lock */,
				4E5B08BA1F04776900236A9E /* Sources */,
				4E5B08BB1F04776900236A9E /* Frameworks */,
				4E5B08BC1F04776900236A9E /* Resources */,
				13AD0C72E4865651879F03FA /* [CP] Embed Pods Frameworks */,
				7BC327D02E4E4AA508AE02BC /* [CP] Copy Pods Resources */,
			);
			buildRules = (
			);
			dependencies = (
			);
			name = HampKit;
			productName = HampKit;
			productReference = 4E5B08BE1F04776900236A9E /* HampKit.app */;
			productType = "com.apple.product-type.application";
		};
		4E881E331F0484ED00DB700E /* HampKitTests */ = {
			isa = PBXNativeTarget;
			buildConfigurationList = 4E881E3B1F0484EE00DB700E /* Build configuration list for PBXNativeTarget "HampKitTests" */;
			buildPhases = (
				9C17ABC9D0D02F1CEFD68379 /* [CP] Check Pods Manifest.lock */,
				4E881E301F0484ED00DB700E /* Sources */,
				4E881E311F0484ED00DB700E /* Frameworks */,
				4E881E321F0484ED00DB700E /* Resources */,
				0525C4400B12F5C8EFAEB35B /* [CP] Embed Pods Frameworks */,
				6E9FC3443E178149A1F8D1E4 /* [CP] Copy Pods Resources */,
			);
			buildRules = (
			);
			dependencies = (
				4E881E3A1F0484EE00DB700E /* PBXTargetDependency */,
			);
			name = HampKitTests;
			productName = HampKitTests;
			productReference = 4E881E341F0484ED00DB700E /* HampKitTests.xctest */;
			productType = "com.apple.product-type.bundle.unit-test";
		};
/* End PBXNativeTarget section */

/* Begin PBXProject section */
		4E5B08B61F04776900236A9E /* Project object */ = {
			isa = PBXProject;
			attributes = {
				LastSwiftUpdateCheck = 0900;
				LastUpgradeCheck = 0900;
				ORGANIZATIONNAME = com.hamp;
				TargetAttributes = {
					4E5B08BD1F04776900236A9E = {
						CreatedOnToolsVersion = 9.0;
					};
					4E881E331F0484ED00DB700E = {
						CreatedOnToolsVersion = 9.0;
						LastSwiftMigration = 0920;
						TestTargetID = 4E5B08BD1F04776900236A9E;
					};
				};
			};
			buildConfigurationList = 4E5B08B91F04776900236A9E /* Build configuration list for PBXProject "HampKit" */;
			compatibilityVersion = "Xcode 8.0";
			developmentRegion = en;
			hasScannedForEncodings = 0;
			knownRegions = (
				en,
				Base,
			);
			mainGroup = 4E5B08B51F04776900236A9E;
			productRefGroup = 4E5B08BF1F04776900236A9E /* Products */;
			projectDirPath = "";
			projectRoot = "";
			targets = (
				4E5B08BD1F04776900236A9E /* HampKit */,
				4E881E331F0484ED00DB700E /* HampKitTests */,
			);
		};
/* End PBXProject section */

/* Begin PBXResourcesBuildPhase section */
		4E5B08BC1F04776900236A9E /* Resources */ = {
			isa = PBXResourcesBuildPhase;
			buildActionMask = 2147483647;
			files = (
				4E5B08C91F04776A00236A9E /* Assets.xcassets in Resources */,
				4E4D4F9C1F2633860063A50C /* GoogleService-Info.plist in Resources */,
			);
			runOnlyForDeploymentPostprocessing = 0;
		};
		4E881E321F0484ED00DB700E /* Resources */ = {
			isa = PBXResourcesBuildPhase;
			buildActionMask = 2147483647;
			files = (
			);
			runOnlyForDeploymentPostprocessing = 0;
		};
/* End PBXResourcesBuildPhase section */

/* Begin PBXShellScriptBuildPhase section */
		0525C4400B12F5C8EFAEB35B /* [CP] Embed Pods Frameworks */ = {
			isa = PBXShellScriptBuildPhase;
			buildActionMask = 2147483647;
			files = (
			);
			inputPaths = (
				"${SRCROOT}/Pods/Target Support Files/Pods-HampKit-HampKitTests/Pods-HampKit-HampKitTests-frameworks.sh",
				"${BUILT_PRODUCTS_DIR}/Alamofire/Alamofire.framework",
				"${BUILT_PRODUCTS_DIR}/FirebaseCommunity/FirebaseCommunity.framework",
				"${BUILT_PRODUCTS_DIR}/GTMSessionFetcher/GTMSessionFetcher.framework",
				"${BUILT_PRODUCTS_DIR}/GoogleToolboxForMac/GoogleToolboxForMac.framework",
				"${BUILT_PRODUCTS_DIR}/leveldb-library/leveldb.framework",
			);
			name = "[CP] Embed Pods Frameworks";
			outputPaths = (
				"${TARGET_BUILD_DIR}/${FRAMEWORKS_FOLDER_PATH}/Alamofire.framework",
				"${TARGET_BUILD_DIR}/${FRAMEWORKS_FOLDER_PATH}/FirebaseCommunity.framework",
				"${TARGET_BUILD_DIR}/${FRAMEWORKS_FOLDER_PATH}/GTMSessionFetcher.framework",
				"${TARGET_BUILD_DIR}/${FRAMEWORKS_FOLDER_PATH}/GoogleToolboxForMac.framework",
				"${TARGET_BUILD_DIR}/${FRAMEWORKS_FOLDER_PATH}/leveldb.framework",
			);
			runOnlyForDeploymentPostprocessing = 0;
			shellPath = /bin/sh;
			shellScript = "\"${SRCROOT}/Pods/Target Support Files/Pods-HampKit-HampKitTests/Pods-HampKit-HampKitTests-frameworks.sh\"\n";
			showEnvVarsInLog = 0;
		};
		13AD0C72E4865651879F03FA /* [CP] Embed Pods Frameworks */ = {
			isa = PBXShellScriptBuildPhase;
			buildActionMask = 2147483647;
			files = (
			);
			inputPaths = (
				"${SRCROOT}/Pods/Target Support Files/Pods-HampKit/Pods-HampKit-frameworks.sh",
				"${BUILT_PRODUCTS_DIR}/Alamofire/Alamofire.framework",
				"${BUILT_PRODUCTS_DIR}/FirebaseCommunity/FirebaseCommunity.framework",
				"${BUILT_PRODUCTS_DIR}/GTMSessionFetcher/GTMSessionFetcher.framework",
				"${BUILT_PRODUCTS_DIR}/GoogleToolboxForMac/GoogleToolboxForMac.framework",
				"${BUILT_PRODUCTS_DIR}/leveldb-library/leveldb.framework",
			);
			name = "[CP] Embed Pods Frameworks";
			outputPaths = (
				"${TARGET_BUILD_DIR}/${FRAMEWORKS_FOLDER_PATH}/Alamofire.framework",
				"${TARGET_BUILD_DIR}/${FRAMEWORKS_FOLDER_PATH}/FirebaseCommunity.framework",
				"${TARGET_BUILD_DIR}/${FRAMEWORKS_FOLDER_PATH}/GTMSessionFetcher.framework",
				"${TARGET_BUILD_DIR}/${FRAMEWORKS_FOLDER_PATH}/GoogleToolboxForMac.framework",
				"${TARGET_BUILD_DIR}/${FRAMEWORKS_FOLDER_PATH}/leveldb.framework",
			);
			runOnlyForDeploymentPostprocessing = 0;
			shellPath = /bin/sh;
			shellScript = "\"${SRCROOT}/Pods/Target Support Files/Pods-HampKit/Pods-HampKit-frameworks.sh\"\n";
			showEnvVarsInLog = 0;
		};
		3FC99D335B994468E1581D4B /* [CP] Check Pods Manifest.lock */ = {
			isa = PBXShellScriptBuildPhase;
			buildActionMask = 2147483647;
			files = (
			);
			inputPaths = (
				"${PODS_PODFILE_DIR_PATH}/Podfile.lock",
				"${PODS_ROOT}/Manifest.lock",
			);
			name = "[CP] Check Pods Manifest.lock";
			outputPaths = (
				"$(DERIVED_FILE_DIR)/Pods-HampKit-checkManifestLockResult.txt",
			);
			runOnlyForDeploymentPostprocessing = 0;
			shellPath = /bin/sh;
			shellScript = "diff \"${PODS_PODFILE_DIR_PATH}/Podfile.lock\" \"${PODS_ROOT}/Manifest.lock\" > /dev/null\nif [ $? != 0 ] ; then\n    # print error to STDERR\n    echo \"error: The sandbox is not in sync with the Podfile.lock. Run 'pod install' or update your CocoaPods installation.\" >&2\n    exit 1\nfi\n";
			showEnvVarsInLog = 0;
		};
		6E9FC3443E178149A1F8D1E4 /* [CP] Copy Pods Resources */ = {
			isa = PBXShellScriptBuildPhase;
			buildActionMask = 2147483647;
			files = (
			);
			inputPaths = (
			);
			name = "[CP] Copy Pods Resources";
			outputPaths = (
			);
			runOnlyForDeploymentPostprocessing = 0;
			shellPath = /bin/sh;
			shellScript = "\"${SRCROOT}/Pods/Target Support Files/Pods-HampKit-HampKitTests/Pods-HampKit-HampKitTests-resources.sh\"\n";
			showEnvVarsInLog = 0;
		};
		7BC327D02E4E4AA508AE02BC /* [CP] Copy Pods Resources */ = {
			isa = PBXShellScriptBuildPhase;
			buildActionMask = 2147483647;
			files = (
			);
			inputPaths = (
			);
			name = "[CP] Copy Pods Resources";
			outputPaths = (
			);
			runOnlyForDeploymentPostprocessing = 0;
			shellPath = /bin/sh;
			shellScript = "\"${SRCROOT}/Pods/Target Support Files/Pods-HampKit/Pods-HampKit-resources.sh\"\n";
			showEnvVarsInLog = 0;
		};
		9C17ABC9D0D02F1CEFD68379 /* [CP] Check Pods Manifest.lock */ = {
			isa = PBXShellScriptBuildPhase;
			buildActionMask = 2147483647;
			files = (
			);
			inputPaths = (
				"${PODS_PODFILE_DIR_PATH}/Podfile.lock",
				"${PODS_ROOT}/Manifest.lock",
			);
			name = "[CP] Check Pods Manifest.lock";
			outputPaths = (
				"$(DERIVED_FILE_DIR)/Pods-HampKit-HampKitTests-checkManifestLockResult.txt",
			);
			runOnlyForDeploymentPostprocessing = 0;
			shellPath = /bin/sh;
			shellScript = "diff \"${PODS_PODFILE_DIR_PATH}/Podfile.lock\" \"${PODS_ROOT}/Manifest.lock\" > /dev/null\nif [ $? != 0 ] ; then\n    # print error to STDERR\n    echo \"error: The sandbox is not in sync with the Podfile.lock. Run 'pod install' or update your CocoaPods installation.\" >&2\n    exit 1\nfi\n";
			showEnvVarsInLog = 0;
		};
/* End PBXShellScriptBuildPhase section */

/* Begin PBXSourcesBuildPhase section */
		4E5B08BA1F04776900236A9E /* Sources */ = {
			isa = PBXSourcesBuildPhase;
			buildActionMask = 2147483647;
			files = (
				192C8D60204702070071D85D /* BookingError.swift in Sources */,
				4EB3132320433E2000373760 /* Size.swift in Sources */,
				4EB3131720433E2000373760 /* Schemes.swift in Sources */,
				4EB3132720433E2000373760 /* Objectable.swift in Sources */,
				192C8D562045EA750071D85D /* CreditCardError.swift in Sources */,
				4EB3132520433E2000373760 /* HiredService.swift in Sources */,
				4EB3132620433E2000373760 /* UserError.swift in Sources */,
				4EB3131520433E2000373760 /* String+URL.swift in Sources */,
				4EB3131820433E2000373760 /* Validator.swift in Sources */,
				4EB3131920433E2000373760 /* Requestable.swift in Sources */,
				4EB3131D20433E2000373760 /* AuthRequester.swift in Sources */,
				4EB3132B20433E2000373760 /* Singletons.swift in Sources */,
				4EB3132420433E2000373760 /* Transaction.swift in Sources */,
				4EB3133C20433E9D00373760 /* Hamp.swift in Sources */,
				4EB3132020433E2000373760 /* Booking.swift in Sources */,
				4EB3132120433E2000373760 /* User.swift in Sources */,
				4EB3132A20433E2000373760 /* Regex.swift in Sources */,
				4EB3131F20433E2000373760 /* Service.swift in Sources */,
				4EB3132820433E2000373760 /* Response.swift in Sources */,
				4EB3131E20433E2000373760 /* CreditCard.swift in Sources */,
				192C8D582046D8BC0071D85D /* Date+Calendar.swift in Sources */,
				4EB3132920433E2000373760 /* Request.swift in Sources */,
				4EB3131A20433E2000373760 /* HampCodable.swift in Sources */,
				4EB3131B20433E2000373760 /* UserRequester.swift in Sources */,
				4EB3132220433E2000373760 /* Locker.swift in Sources */,
				4EB3131620433E2000373760 /* String+Replace.swift in Sources */,
				4EB3131C20433E2000373760 /* TransactionsRequester.swift in Sources */,
				4E5B08C21F04776A00236A9E /* AppDelegate.swift in Sources */,
			);
			runOnlyForDeploymentPostprocessing = 0;
		};
		4E881E301F0484ED00DB700E /* Sources */ = {
			isa = PBXSourcesBuildPhase;
			buildActionMask = 2147483647;
			files = (
				192C8D5E2046E2C80071D85D /* CreditCardTests.swift in Sources */,
				4EB3133820433E4200373760 /* URLSessionMock.swift in Sources */,
				4EB3133520433E4200373760 /* ValidatorTests.swift in Sources */,
				4EB3133720433E4200373760 /* UpdateUserTests.swift in Sources */,
				1979EC4220494D2B006D7BE7 /* BookingTest.swift in Sources */,
				4EB3133620433E4200373760 /* TransactionTests.swift in Sources */,
				4EB3133A20433E4200373760 /* AuthTests.swift in Sources */,
				4EB3133420433E4200373760 /* UserTests.swift in Sources */,
				4EB3133920433E4200373760 /* URLSessionDataTaskMock.swift in Sources */,
			);
			runOnlyForDeploymentPostprocessing = 0;
		};
/* End PBXSourcesBuildPhase section */

/* Begin PBXTargetDependency section */
		4E881E3A1F0484EE00DB700E /* PBXTargetDependency */ = {
			isa = PBXTargetDependency;
			target = 4E5B08BD1F04776900236A9E /* HampKit */;
			targetProxy = 4E881E391F0484EE00DB700E /* PBXContainerItemProxy */;
		};
/* End PBXTargetDependency section */

/* Begin XCBuildConfiguration section */
		4E5B08D91F04776A00236A9E /* Debug */ = {
			isa = XCBuildConfiguration;
			buildSettings = {
				ALWAYS_SEARCH_USER_PATHS = NO;
				CLANG_ANALYZER_NONNULL = YES;
				CLANG_ANALYZER_NUMBER_OBJECT_CONVERSION = YES_AGGRESSIVE;
				CLANG_CXX_LANGUAGE_STANDARD = "gnu++14";
				CLANG_CXX_LIBRARY = "libc++";
				CLANG_ENABLE_MODULES = YES;
				CLANG_ENABLE_OBJC_ARC = YES;
				CLANG_WARN_BLOCK_CAPTURE_AUTORELEASING = YES;
				CLANG_WARN_BOOL_CONVERSION = YES;
				CLANG_WARN_COMMA = YES;
				CLANG_WARN_CONSTANT_CONVERSION = YES;
				CLANG_WARN_DIRECT_OBJC_ISA_USAGE = YES_ERROR;
				CLANG_WARN_DOCUMENTATION_COMMENTS = YES;
				CLANG_WARN_EMPTY_BODY = YES;
				CLANG_WARN_ENUM_CONVERSION = YES;
				CLANG_WARN_INFINITE_RECURSION = YES;
				CLANG_WARN_INT_CONVERSION = YES;
				CLANG_WARN_OBJC_ROOT_CLASS = YES_ERROR;
				CLANG_WARN_RANGE_LOOP_ANALYSIS = YES;
				CLANG_WARN_STRICT_PROTOTYPES = YES;
				CLANG_WARN_SUSPICIOUS_MOVE = YES;
				CLANG_WARN_UNGUARDED_AVAILABILITY = YES_AGGRESSIVE;
				CLANG_WARN_UNREACHABLE_CODE = YES;
				CLANG_WARN__DUPLICATE_METHOD_MATCH = YES;
				CODE_SIGN_IDENTITY = "iPhone Developer";
				COPY_PHASE_STRIP = NO;
				DEBUG_INFORMATION_FORMAT = dwarf;
				ENABLE_STRICT_OBJC_MSGSEND = YES;
				ENABLE_TESTABILITY = YES;
				GCC_C_LANGUAGE_STANDARD = gnu11;
				GCC_DYNAMIC_NO_PIC = NO;
				GCC_NO_COMMON_BLOCKS = YES;
				GCC_OPTIMIZATION_LEVEL = 0;
				GCC_PREPROCESSOR_DEFINITIONS = (
					"DEBUG=1",
					"$(inherited)",
				);
				GCC_WARN_64_TO_32_BIT_CONVERSION = YES;
				GCC_WARN_ABOUT_RETURN_TYPE = YES_ERROR;
				GCC_WARN_UNDECLARED_SELECTOR = YES;
				GCC_WARN_UNINITIALIZED_AUTOS = YES_AGGRESSIVE;
				GCC_WARN_UNUSED_FUNCTION = YES;
				GCC_WARN_UNUSED_VARIABLE = YES;
				IPHONEOS_DEPLOYMENT_TARGET = 11.0;
				MTL_ENABLE_DEBUG_INFO = YES;
				ONLY_ACTIVE_ARCH = YES;
				SDKROOT = iphoneos;
				SWIFT_ACTIVE_COMPILATION_CONDITIONS = DEBUG;
				SWIFT_OPTIMIZATION_LEVEL = "-Onone";
			};
			name = Debug;
		};
		4E5B08DA1F04776A00236A9E /* Release */ = {
			isa = XCBuildConfiguration;
			buildSettings = {
				ALWAYS_SEARCH_USER_PATHS = NO;
				CLANG_ANALYZER_NONNULL = YES;
				CLANG_ANALYZER_NUMBER_OBJECT_CONVERSION = YES_AGGRESSIVE;
				CLANG_CXX_LANGUAGE_STANDARD = "gnu++14";
				CLANG_CXX_LIBRARY = "libc++";
				CLANG_ENABLE_MODULES = YES;
				CLANG_ENABLE_OBJC_ARC = YES;
				CLANG_WARN_BLOCK_CAPTURE_AUTORELEASING = YES;
				CLANG_WARN_BOOL_CONVERSION = YES;
				CLANG_WARN_COMMA = YES;
				CLANG_WARN_CONSTANT_CONVERSION = YES;
				CLANG_WARN_DIRECT_OBJC_ISA_USAGE = YES_ERROR;
				CLANG_WARN_DOCUMENTATION_COMMENTS = YES;
				CLANG_WARN_EMPTY_BODY = YES;
				CLANG_WARN_ENUM_CONVERSION = YES;
				CLANG_WARN_INFINITE_RECURSION = YES;
				CLANG_WARN_INT_CONVERSION = YES;
				CLANG_WARN_OBJC_ROOT_CLASS = YES_ERROR;
				CLANG_WARN_RANGE_LOOP_ANALYSIS = YES;
				CLANG_WARN_STRICT_PROTOTYPES = YES;
				CLANG_WARN_SUSPICIOUS_MOVE = YES;
				CLANG_WARN_UNGUARDED_AVAILABILITY = YES_AGGRESSIVE;
				CLANG_WARN_UNREACHABLE_CODE = YES;
				CLANG_WARN__DUPLICATE_METHOD_MATCH = YES;
				CODE_SIGN_IDENTITY = "iPhone Developer";
				COPY_PHASE_STRIP = NO;
				DEBUG_INFORMATION_FORMAT = "dwarf-with-dsym";
				ENABLE_NS_ASSERTIONS = NO;
				ENABLE_STRICT_OBJC_MSGSEND = YES;
				GCC_C_LANGUAGE_STANDARD = gnu11;
				GCC_NO_COMMON_BLOCKS = YES;
				GCC_WARN_64_TO_32_BIT_CONVERSION = YES;
				GCC_WARN_ABOUT_RETURN_TYPE = YES_ERROR;
				GCC_WARN_UNDECLARED_SELECTOR = YES;
				GCC_WARN_UNINITIALIZED_AUTOS = YES_AGGRESSIVE;
				GCC_WARN_UNUSED_FUNCTION = YES;
				GCC_WARN_UNUSED_VARIABLE = YES;
				IPHONEOS_DEPLOYMENT_TARGET = 11.0;
				MTL_ENABLE_DEBUG_INFO = NO;
				SDKROOT = iphoneos;
				SWIFT_OPTIMIZATION_LEVEL = "-Owholemodule";
				VALIDATE_PRODUCT = YES;
			};
			name = Release;
		};
		4E5B08DC1F04776A00236A9E /* Debug */ = {
			isa = XCBuildConfiguration;
			baseConfigurationReference = AB970159482CDD3FFB1F169D /* Pods-HampKit.debug.xcconfig */;
			buildSettings = {
				ASSETCATALOG_COMPILER_APPICON_NAME = AppIcon;
				DEFINES_MODULE = NO;
				DEVELOPMENT_TEAM = U9QF88MGC2;
				GCC_WARN_UNUSED_FUNCTION = YES;
				INFOPLIST_FILE = HampKit/Info.plist;
				IPHONEOS_DEPLOYMENT_TARGET = 9.0;
				LD_RUNPATH_SEARCH_PATHS = "$(inherited) @executable_path/Frameworks";
				PRODUCT_BUNDLE_IDENTIFIER = com.hamp.HampKit;
				PRODUCT_NAME = "$(TARGET_NAME)";
				SWIFT_VERSION = 4.0;
				TARGETED_DEVICE_FAMILY = "1,2";
			};
			name = Debug;
		};
		4E5B08DD1F04776A00236A9E /* Release */ = {
			isa = XCBuildConfiguration;
			baseConfigurationReference = 92CA31753B318C7843B71695 /* Pods-HampKit.release.xcconfig */;
			buildSettings = {
				ASSETCATALOG_COMPILER_APPICON_NAME = AppIcon;
				DEFINES_MODULE = NO;
				DEVELOPMENT_TEAM = U9QF88MGC2;
				GCC_WARN_UNUSED_FUNCTION = YES;
				INFOPLIST_FILE = HampKit/Info.plist;
				IPHONEOS_DEPLOYMENT_TARGET = 9.0;
				LD_RUNPATH_SEARCH_PATHS = "$(inherited) @executable_path/Frameworks";
				PRODUCT_BUNDLE_IDENTIFIER = com.hamp.HampKit;
				PRODUCT_NAME = "$(TARGET_NAME)";
				SWIFT_VERSION = 4.0;
				TARGETED_DEVICE_FAMILY = "1,2";
			};
			name = Release;
		};
		4E881E3C1F0484EE00DB700E /* Debug */ = {
			isa = XCBuildConfiguration;
			baseConfigurationReference = 860AD15CD5553611C2383A9F /* Pods-HampKit-HampKitTests.debug.xcconfig */;
			buildSettings = {
				BUNDLE_LOADER = "$(TEST_HOST)";
				CLANG_ENABLE_MODULES = YES;
				DEVELOPMENT_TEAM = U9QF88MGC2;
				INFOPLIST_FILE = HampKitTests/Info.plist;
				LD_RUNPATH_SEARCH_PATHS = "$(inherited) @executable_path/Frameworks @loader_path/Frameworks";
				PRODUCT_BUNDLE_IDENTIFIER = com.hamp.HampKitTests;
				PRODUCT_NAME = "$(TARGET_NAME)";
				SWIFT_OPTIMIZATION_LEVEL = "-Onone";
				SWIFT_VERSION = 4.0;
				TARGETED_DEVICE_FAMILY = "1,2";
				TEST_HOST = "$(BUILT_PRODUCTS_DIR)/HampKit.app/HampKit";
			};
			name = Debug;
		};
		4E881E3D1F0484EE00DB700E /* Release */ = {
			isa = XCBuildConfiguration;
			baseConfigurationReference = EE8FF8AF25485BBEC69CEA2D /* Pods-HampKit-HampKitTests.release.xcconfig */;
			buildSettings = {
				BUNDLE_LOADER = "$(TEST_HOST)";
				CLANG_ENABLE_MODULES = YES;
				DEVELOPMENT_TEAM = U9QF88MGC2;
				INFOPLIST_FILE = HampKitTests/Info.plist;
				LD_RUNPATH_SEARCH_PATHS = "$(inherited) @executable_path/Frameworks @loader_path/Frameworks";
				PRODUCT_BUNDLE_IDENTIFIER = com.hamp.HampKitTests;
				PRODUCT_NAME = "$(TARGET_NAME)";
				SWIFT_VERSION = 4.0;
				TARGETED_DEVICE_FAMILY = "1,2";
				TEST_HOST = "$(BUILT_PRODUCTS_DIR)/HampKit.app/HampKit";
			};
			name = Release;
		};
/* End XCBuildConfiguration section */

/* Begin XCConfigurationList section */
		4E5B08B91F04776900236A9E /* Build configuration list for PBXProject "HampKit" */ = {
			isa = XCConfigurationList;
			buildConfigurations = (
				4E5B08D91F04776A00236A9E /* Debug */,
				4E5B08DA1F04776A00236A9E /* Release */,
			);
			defaultConfigurationIsVisible = 0;
			defaultConfigurationName = Release;
		};
		4E5B08DB1F04776A00236A9E /* Build configuration list for PBXNativeTarget "HampKit" */ = {
			isa = XCConfigurationList;
			buildConfigurations = (
				4E5B08DC1F04776A00236A9E /* Debug */,
				4E5B08DD1F04776A00236A9E /* Release */,
			);
			defaultConfigurationIsVisible = 0;
			defaultConfigurationName = Release;
		};
		4E881E3B1F0484EE00DB700E /* Build configuration list for PBXNativeTarget "HampKitTests" */ = {
			isa = XCConfigurationList;
			buildConfigurations = (
				4E881E3C1F0484EE00DB700E /* Debug */,
				4E881E3D1F0484EE00DB700E /* Release */,
			);
			defaultConfigurationIsVisible = 0;
			defaultConfigurationName = Release;
		};
/* End XCConfigurationList section */
	};
	rootObject = 4E5B08B61F04776900236A9E /* Project object */;
}
